// !$*UTF8*$!
{
	archiveVersion = 1;
	classes = {
	};
	objectVersion = 46;
	objects = {

/* Begin PBXAggregateTarget section */
		AB3102B26ABA40C38CBA924F /* ALL_BUILD */ = {
			isa = PBXAggregateTarget;
			buildConfigurationList = D9E6378DC9E34310A65F9B95 /* Build configuration list for PBXAggregateTarget "ALL_BUILD" */;
			buildPhases = (
				208EEBDEC1594383B1980D52 /* CMake Rules */,
			);
			dependencies = (
				DCE303E97A3F454A9DD6EA01 /* PBXTargetDependency */,
				E71A8ED363EF4D108E2D7004 /* PBXTargetDependency */,
			);
			name = ALL_BUILD;
			productName = ALL_BUILD;
		};
		D73EE6E8CB534E6DA1B735BC /* ZERO_CHECK */ = {
			isa = PBXAggregateTarget;
			buildConfigurationList = 232AB8AD727846A7842645AE /* Build configuration list for PBXAggregateTarget "ZERO_CHECK" */;
			buildPhases = (
				D809AE8B814A4361A434953F /* CMake Rules */,
			);
			dependencies = (
			);
			name = ZERO_CHECK;
			productName = ZERO_CHECK;
		};
/* End PBXAggregateTarget section */

/* Begin PBXBuildFile section */
		2CEC51F1A33B431E816A38E5 /* /Users/manhtran/Documents/fishout/data/m_string.c */ = {isa = PBXBuildFile; fileRef = E9E77F584576416595D870CB /* /Users/manhtran/Documents/fishout/data/m_string.c */; settings = {COMPILER_FLAGS = ""; }; };
		686256412A8042BA86DFA929 /* /Users/manhtran/Documents/fishout/data/m_array.c */ = {isa = PBXBuildFile; fileRef = E57D5AC0407649E38AF06045 /* /Users/manhtran/Documents/fishout/data/m_array.c */; settings = {COMPILER_FLAGS = ""; }; };
		71FD947C41D44E099257FA31 /* /Users/manhtran/Documents/fishout/data/CMakeLists.txt */ = {isa = PBXBuildFile; fileRef = 76EEE61B07A449F191328627 /* /Users/manhtran/Documents/fishout/data/CMakeLists.txt */; settings = {COMPILER_FLAGS = ""; }; };
		7B7CC4A32AD44BAAAFC608DB /* /Users/manhtran/Documents/fishout/data/m_map.c */ = {isa = PBXBuildFile; fileRef = 7142C8AD9F7947BC8700128E /* /Users/manhtran/Documents/fishout/data/m_map.c */; settings = {COMPILER_FLAGS = ""; }; };
		871126078B994AEDB338FE11 /* /Users/manhtran/Documents/fishout/data/m_data.c */ = {isa = PBXBuildFile; fileRef = 5DDA2676D9014DEB8A538B68 /* /Users/manhtran/Documents/fishout/data/m_data.c */; settings = {COMPILER_FLAGS = ""; }; };
/* End PBXBuildFile section */

/* Begin PBXBuildStyle section */
		1F2EF94C369246BE875CA744 = {
			isa = PBXBuildStyle;
		};
		5B2F6E3990F7466CB9D6FED2 /* MinSizeRel */ = {
			isa = PBXBuildStyle;
			buildSettings = {
				COPY_PHASE_STRIP = NO;
			};
			name = MinSizeRel;
		};
		C459AC70BC294F3CBCE9E1DD /* RelWithDebInfo */ = {
			isa = PBXBuildStyle;
			buildSettings = {
				COPY_PHASE_STRIP = NO;
			};
			name = RelWithDebInfo;
		};
		EF1F8C72E14844D8837334C6 /* Debug */ = {
			isa = PBXBuildStyle;
			buildSettings = {
				COPY_PHASE_STRIP = NO;
			};
			name = Debug;
		};
		FC5A65F5E93E4FF0A45CB493 /* Release */ = {
			isa = PBXBuildStyle;
			buildSettings = {
				COPY_PHASE_STRIP = NO;
			};
			name = Release;
		};
/* End PBXBuildStyle section */

/* Begin PBXContainerItemProxy section */
		26AD40B8EAA74A13ABE8C1FF /* PBXContainerItemProxy */ = {
			isa = PBXContainerItemProxy;
			containerPortal = 772267BE8EC34E3DA8B29A45 /* Project object */;
			proxyType = 1;
			remoteGlobalIDString = D73EE6E8CB534E6DA1B735BC;
			remoteInfo = ZERO_CHECK;
		};
		2FCFBADA936C41F7ACCDDF79 /* PBXContainerItemProxy */ = {
			isa = PBXContainerItemProxy;
			containerPortal = 772267BE8EC34E3DA8B29A45 /* Project object */;
			proxyType = 1;
			remoteGlobalIDString = D73EE6E8CB534E6DA1B735BC;
			remoteInfo = ZERO_CHECK;
		};
		F259E5690060406395178257 /* PBXContainerItemProxy */ = {
			isa = PBXContainerItemProxy;
			containerPortal = 772267BE8EC34E3DA8B29A45 /* Project object */;
			proxyType = 1;
			remoteGlobalIDString = 0863D970AFB94641B7934431;
			remoteInfo = data;
		};
/* End PBXContainerItemProxy section */

/* Begin PBXFileReference section */
		5DDA2676D9014DEB8A538B68 /* /Users/manhtran/Documents/fishout/data/m_data.c */ = {isa = PBXFileReference; explicitFileType = sourcecode.c.c; fileEncoding = 4; name = m_data.c; path = m_data.c; sourceTree = SOURCE_ROOT; };
		7142C8AD9F7947BC8700128E /* /Users/manhtran/Documents/fishout/data/m_map.c */ = {isa = PBXFileReference; explicitFileType = sourcecode.c.c; fileEncoding = 4; name = m_map.c; path = m_map.c; sourceTree = SOURCE_ROOT; };
		76EEE61B07A449F191328627 /* /Users/manhtran/Documents/fishout/data/CMakeLists.txt */ = {isa = PBXFileReference; explicitFileType = sourcecode.text; fileEncoding = 4; name = CMakeLists.txt; path = CMakeLists.txt; sourceTree = SOURCE_ROOT; };
		8B3A1427A7A84260B86FFBCD /* /Users/manhtran/Documents/fishout/data/CMakeLists.txt */ = {isa = PBXFileReference; explicitFileType = sourcecode.text; fileEncoding = 4; name = CMakeLists.txt; path = CMakeLists.txt; sourceTree = SOURCE_ROOT; };
		92023478164D4ACD911565D3 /* /Users/manhtran/Documents/fishout/data/CMakeLists.txt */ = {isa = PBXFileReference; explicitFileType = sourcecode.text; fileEncoding = 4; name = CMakeLists.txt; path = CMakeLists.txt; sourceTree = SOURCE_ROOT; };
		E57D5AC0407649E38AF06045 /* /Users/manhtran/Documents/fishout/data/m_array.c */ = {isa = PBXFileReference; explicitFileType = sourcecode.c.c; fileEncoding = 4; name = m_array.c; path = m_array.c; sourceTree = SOURCE_ROOT; };
		E9E77F584576416595D870CB /* /Users/manhtran/Documents/fishout/data/m_string.c */ = {isa = PBXFileReference; explicitFileType = sourcecode.c.c; fileEncoding = 4; name = m_string.c; path = m_string.c; sourceTree = SOURCE_ROOT; };
		FE01A44261A048A4A9FC55EB /* data */ = {isa = PBXFileReference; explicitFileType = archive.ar; path = libdata.a; sourceTree = BUILT_PRODUCTS_DIR; };
/* End PBXFileReference section */

/* Begin PBXGroup section */
		20CB5C0097BB4D98B1CF6ED2 /* ZERO_CHECK */ = {
			isa = PBXGroup;
			children = (
				DC93E1F748314FB186EC10E3 /* CMake Rules */,
				8B3A1427A7A84260B86FFBCD /* /Users/manhtran/Documents/fishout/data/CMakeLists.txt */,
			);
			name = ZERO_CHECK;
			sourceTree = "<group>";
		};
		24A3ED6101BB463198897534 /* Source Files */ = {
			isa = PBXGroup;
			children = (
				E57D5AC0407649E38AF06045 /* /Users/manhtran/Documents/fishout/data/m_array.c */,
				5DDA2676D9014DEB8A538B68 /* /Users/manhtran/Documents/fishout/data/m_data.c */,
				7142C8AD9F7947BC8700128E /* /Users/manhtran/Documents/fishout/data/m_map.c */,
				E9E77F584576416595D870CB /* /Users/manhtran/Documents/fishout/data/m_string.c */,
			);
			name = "Source Files";
			sourceTree = "<group>";
		};
		30CC716E22EE44B18F28A3F4 /* data */ = {
			isa = PBXGroup;
			children = (
				24A3ED6101BB463198897534 /* Source Files */,
				76EEE61B07A449F191328627 /* /Users/manhtran/Documents/fishout/data/CMakeLists.txt */,
			);
			name = data;
			sourceTree = "<group>";
		};
		3EB0CF1A788149C4A75D0490 /* CMake Rules */ = {
			isa = PBXGroup;
			children = (
			);
			name = "CMake Rules";
			sourceTree = "<group>";
		};
		5070143CFC1C43638F65D615 /* ALL_BUILD */ = {
			isa = PBXGroup;
			children = (
				3EB0CF1A788149C4A75D0490 /* CMake Rules */,
				92023478164D4ACD911565D3 /* /Users/manhtran/Documents/fishout/data/CMakeLists.txt */,
			);
			name = ALL_BUILD;
			sourceTree = "<group>";
		};
		766D3B563EF44619932C149D = {
			isa = PBXGroup;
			children = (
				F84DEE5F5B314F698B8310AB /* Sources */,
				FD992B32D89A4999AE707148 /* Resources */,
				ECB3EA8177FC426A8839EA13 /* Products */,
			);
			sourceTree = "<group>";
		};
		DC93E1F748314FB186EC10E3 /* CMake Rules */ = {
			isa = PBXGroup;
			children = (
			);
			name = "CMake Rules";
			sourceTree = "<group>";
		};
		ECB3EA8177FC426A8839EA13 /* Products */ = {
			isa = PBXGroup;
			children = (
				FE01A44261A048A4A9FC55EB /* data */,
			);
			name = Products;
			sourceTree = "<group>";
		};
		F84DEE5F5B314F698B8310AB /* Sources */ = {
			isa = PBXGroup;
			children = (
				30CC716E22EE44B18F28A3F4 /* data */,
				5070143CFC1C43638F65D615 /* ALL_BUILD */,
				20CB5C0097BB4D98B1CF6ED2 /* ZERO_CHECK */,
			);
			name = Sources;
			sourceTree = "<group>";
		};
		FD992B32D89A4999AE707148 /* Resources */ = {
			isa = PBXGroup;
			children = (
			);
			name = Resources;
			sourceTree = "<group>";
		};
/* End PBXGroup section */

/* Begin PBXNativeTarget section */
		0863D970AFB94641B7934431 /* data */ = {
			isa = PBXNativeTarget;
			buildConfigurationList = 20DC12C1D98A40468B020296 /* Build configuration list for PBXNativeTarget "data" */;
			buildPhases = (
				6C54C2556FB44B2D9B2549C4 /* Sources */,
			);
			buildRules = (
			);
			dependencies = (
				875635CEFAB5489FB25CF5FF /* PBXTargetDependency */,
			);
			name = data;
			productName = data;
			productReference = FE01A44261A048A4A9FC55EB /* data */;
			productType = "com.apple.product-type.library.static";
		};
/* End PBXNativeTarget section */

/* Begin PBXProject section */
		772267BE8EC34E3DA8B29A45 /* Project object */ = {
			isa = PBXProject;
			attributes = {
				BuildIndependentTargetsInParallel = YES;
				LastUpgradeCheck = 0810;
			};
			buildConfigurationList = ECF915BA497F4A8FA51C65DF /* Build configuration list for PBXProject "data" */;
			buildSettings = {
			};
			buildStyles = (
				EF1F8C72E14844D8837334C6 /* Debug */,
				FC5A65F5E93E4FF0A45CB493 /* Release */,
				5B2F6E3990F7466CB9D6FED2 /* MinSizeRel */,
				C459AC70BC294F3CBCE9E1DD /* RelWithDebInfo */,
			);
			compatibilityVersion = "Xcode 3.2";
			hasScannedForEncodings = 0;
			mainGroup = 766D3B563EF44619932C149D;
			projectDirPath = ../../data;
			projectRoot = "";
			targets = (
				AB3102B26ABA40C38CBA924F /* ALL_BUILD */,
				D73EE6E8CB534E6DA1B735BC /* ZERO_CHECK */,
				0863D970AFB94641B7934431 /* data */,
			);
		};
/* End PBXProject section */

/* Begin PBXShellScriptBuildPhase section */
		208EEBDEC1594383B1980D52 /* CMake Rules */ = {
			isa = PBXShellScriptBuildPhase;
			buildActionMask = 2147483647;
			files = (
			);
			name = "CMake Rules";
			runOnlyForDeploymentPostprocessing = 0;
			shellPath = /bin/sh;
			shellScript = "make -C /Users/manhtran/Documents/fishout/mac_build/data -f /Users/manhtran/Documents/fishout/mac_build/data/CMakeScripts/ALL_BUILD_cmakeRulesBuildPhase.make$CONFIGURATION all";
			showEnvVarsInLog = 0;
		};
		7FCAA0D9A3D8475995242DA2 = {
			isa = PBXShellScriptBuildPhase;
			buildActionMask = 2147483647;
			files = (
			);
			inputPaths = (
			);
			outputPaths = (
			);
			runOnlyForDeploymentPostprocessing = 0;
			shellPath = /bin/sh;
			shellScript = "# shell script goes here
exit 0";
			showEnvVarsInLog = 0;
		};
		D809AE8B814A4361A434953F /* CMake Rules */ = {
			isa = PBXShellScriptBuildPhase;
			buildActionMask = 2147483647;
			files = (
			);
			name = "CMake Rules";
			runOnlyForDeploymentPostprocessing = 0;
			shellPath = /bin/sh;
			shellScript = "make -C /Users/manhtran/Documents/fishout/mac_build/data -f /Users/manhtran/Documents/fishout/mac_build/data/CMakeScripts/ZERO_CHECK_cmakeRulesBuildPhase.make$CONFIGURATION all";
			showEnvVarsInLog = 0;
		};
		EAE66F21CAFC43F8820A8B6F = {
			isa = PBXShellScriptBuildPhase;
			buildActionMask = 2147483647;
			files = (
			);
			inputPaths = (
			);
			outputPaths = (
			);
			runOnlyForDeploymentPostprocessing = 0;
			shellPath = /bin/sh;
			shellScript = "# shell script goes here
exit 0";
			showEnvVarsInLog = 0;
		};
/* End PBXShellScriptBuildPhase section */

/* Begin PBXSourcesBuildPhase section */
		6C54C2556FB44B2D9B2549C4 /* Sources */ = {
			isa = PBXSourcesBuildPhase;
			buildActionMask = 2147483647;
			files = (
				686256412A8042BA86DFA929 /* /Users/manhtran/Documents/fishout/data/m_array.c */,
				871126078B994AEDB338FE11 /* /Users/manhtran/Documents/fishout/data/m_data.c */,
				7B7CC4A32AD44BAAAFC608DB /* /Users/manhtran/Documents/fishout/data/m_map.c */,
				2CEC51F1A33B431E816A38E5 /* /Users/manhtran/Documents/fishout/data/m_string.c */,
			);
			runOnlyForDeploymentPostprocessing = 0;
		};
/* End PBXSourcesBuildPhase section */

/* Begin PBXTargetDependency section */
		875635CEFAB5489FB25CF5FF /* PBXTargetDependency */ = {
			isa = PBXTargetDependency;
			target = D73EE6E8CB534E6DA1B735BC /* ZERO_CHECK */;
			targetProxy = 2FCFBADA936C41F7ACCDDF79 /* PBXContainerItemProxy */;
		};
		DCE303E97A3F454A9DD6EA01 /* PBXTargetDependency */ = {
			isa = PBXTargetDependency;
			target = D73EE6E8CB534E6DA1B735BC /* ZERO_CHECK */;
			targetProxy = 26AD40B8EAA74A13ABE8C1FF /* PBXContainerItemProxy */;
		};
		E71A8ED363EF4D108E2D7004 /* PBXTargetDependency */ = {
			isa = PBXTargetDependency;
			target = 0863D970AFB94641B7934431 /* data */;
			targetProxy = F259E5690060406395178257 /* PBXContainerItemProxy */;
		};
/* End PBXTargetDependency section */

/* Begin XCBuildConfiguration section */
		012AEE9E8CDD4846B9DABAFE /* Debug */ = {
			isa = XCBuildConfiguration;
			buildSettings = {
				COMBINE_HIDPI_IMAGES = YES;
				GCC_GENERATE_DEBUGGING_SYMBOLS = YES;
				GCC_INLINES_ARE_PRIVATE_EXTERN = NO;
				GCC_OPTIMIZATION_LEVEL = 0;
				GCC_PREPROCESSOR_DEFINITIONS = ("'CMAKE_INTDIR=\"$(CONFIGURATION)$(EFFECTIVE_PLATFORM_NAME)\"'");
				GCC_SYMBOLS_PRIVATE_EXTERN = NO;
				INSTALL_PATH = "";
				OTHER_LDFLAGS = " ";
				OTHER_REZFLAGS = "";
				PRODUCT_NAME = ALL_BUILD;
				SECTORDER_FLAGS = "";
				SYMROOT = /Users/manhtran/Documents/fishout/mac_build/data;
				USE_HEADERMAP = NO;
				WARNING_CFLAGS = ("-Wmost","-Wno-four-char-constants","-Wno-unknown-pragmas","$(inherited)");
			};
			name = Debug;
		};
		10921C31B4144925B857BE91 /* RelWithDebInfo */ = {
			isa = XCBuildConfiguration;
			buildSettings = {
				COMBINE_HIDPI_IMAGES = YES;
				GCC_GENERATE_DEBUGGING_SYMBOLS = YES;
				GCC_INLINES_ARE_PRIVATE_EXTERN = NO;
				GCC_OPTIMIZATION_LEVEL = 0;
				GCC_PREPROCESSOR_DEFINITIONS = ("'CMAKE_INTDIR=\"$(CONFIGURATION)$(EFFECTIVE_PLATFORM_NAME)\"'");
				GCC_SYMBOLS_PRIVATE_EXTERN = NO;
				INSTALL_PATH = "";
				OTHER_LDFLAGS = " ";
				OTHER_REZFLAGS = "";
				PRODUCT_NAME = ZERO_CHECK;
				SECTORDER_FLAGS = "";
				SYMROOT = /Users/manhtran/Documents/fishout/mac_build/data;
				USE_HEADERMAP = NO;
				WARNING_CFLAGS = ("-Wmost","-Wno-four-char-constants","-Wno-unknown-pragmas","$(inherited)");
			};
			name = RelWithDebInfo;
		};
		18B82C27D1124730BACA8BF8 /* Release */ = {
			isa = XCBuildConfiguration;
			buildSettings = {
				ONLY_ACTIVE_ARCH = YES;
				SDKROOT = /Applications/Xcode.app/Contents/Developer/Platforms/MacOSX.platform/Developer/SDKs/MacOSX10.12.sdk;
				SYMROOT = /Users/manhtran/Documents/fishout/mac_build/data/build;
			};
			name = Release;
		};
		2826EC87722C49C79C1C9239 /* Release */ = {
			isa = XCBuildConfiguration;
			buildSettings = {
				COMBINE_HIDPI_IMAGES = YES;
				GCC_GENERATE_DEBUGGING_SYMBOLS = YES;
				GCC_INLINES_ARE_PRIVATE_EXTERN = NO;
				GCC_OPTIMIZATION_LEVEL = 0;
				GCC_PREPROCESSOR_DEFINITIONS = ("'CMAKE_INTDIR=\"$(CONFIGURATION)$(EFFECTIVE_PLATFORM_NAME)\"'");
				GCC_SYMBOLS_PRIVATE_EXTERN = NO;
				INSTALL_PATH = "";
				OTHER_LDFLAGS = " ";
				OTHER_REZFLAGS = "";
				PRODUCT_NAME = ALL_BUILD;
				SECTORDER_FLAGS = "";
				SYMROOT = /Users/manhtran/Documents/fishout/mac_build/data;
				USE_HEADERMAP = NO;
				WARNING_CFLAGS = ("-Wmost","-Wno-four-char-constants","-Wno-unknown-pragmas","$(inherited)");
			};
			name = Release;
		};
		49E1DA1EEEB3438186526A6E /* Release */ = {
			isa = XCBuildConfiguration;
			buildSettings = {
				COMBINE_HIDPI_IMAGES = YES;
				GCC_GENERATE_DEBUGGING_SYMBOLS = YES;
				GCC_INLINES_ARE_PRIVATE_EXTERN = NO;
				GCC_OPTIMIZATION_LEVEL = 0;
				GCC_PREPROCESSOR_DEFINITIONS = ("'CMAKE_INTDIR=\"$(CONFIGURATION)$(EFFECTIVE_PLATFORM_NAME)\"'");
				GCC_SYMBOLS_PRIVATE_EXTERN = NO;
				INSTALL_PATH = "";
				OTHER_LDFLAGS = " ";
				OTHER_REZFLAGS = "";
				PRODUCT_NAME = ZERO_CHECK;
				SECTORDER_FLAGS = "";
				SYMROOT = /Users/manhtran/Documents/fishout/mac_build/data;
				USE_HEADERMAP = NO;
				WARNING_CFLAGS = ("-Wmost","-Wno-four-char-constants","-Wno-unknown-pragmas","$(inherited)");
			};
			name = Release;
		};
		59B897A90A3443ADAD639C90 /* MinSizeRel */ = {
			isa = XCBuildConfiguration;
			buildSettings = {
				COMBINE_HIDPI_IMAGES = YES;
				GCC_GENERATE_DEBUGGING_SYMBOLS = YES;
				GCC_INLINES_ARE_PRIVATE_EXTERN = NO;
				GCC_OPTIMIZATION_LEVEL = 0;
				GCC_PREPROCESSOR_DEFINITIONS = ("'CMAKE_INTDIR=\"$(CONFIGURATION)$(EFFECTIVE_PLATFORM_NAME)\"'");
				GCC_SYMBOLS_PRIVATE_EXTERN = NO;
				INSTALL_PATH = "";
				OTHER_LDFLAGS = " ";
				OTHER_REZFLAGS = "";
				PRODUCT_NAME = ALL_BUILD;
				SECTORDER_FLAGS = "";
				SYMROOT = /Users/manhtran/Documents/fishout/mac_build/data;
				USE_HEADERMAP = NO;
				WARNING_CFLAGS = ("-Wmost","-Wno-four-char-constants","-Wno-unknown-pragmas","$(inherited)");
			};
			name = MinSizeRel;
		};
		62E16ED3AEA0487BAA50AC76 /* MinSizeRel */ = {
			isa = XCBuildConfiguration;
			buildSettings = {
				COMBINE_HIDPI_IMAGES = YES;
				GCC_GENERATE_DEBUGGING_SYMBOLS = YES;
				GCC_INLINES_ARE_PRIVATE_EXTERN = NO;
				GCC_OPTIMIZATION_LEVEL = 0;
				GCC_PREPROCESSOR_DEFINITIONS = ("'CMAKE_INTDIR=\"$(CONFIGURATION)$(EFFECTIVE_PLATFORM_NAME)\"'");
				GCC_SYMBOLS_PRIVATE_EXTERN = NO;
				INSTALL_PATH = "";
				OTHER_LDFLAGS = " ";
				OTHER_REZFLAGS = "";
				PRODUCT_NAME = ZERO_CHECK;
				SECTORDER_FLAGS = "";
				SYMROOT = /Users/manhtran/Documents/fishout/mac_build/data;
				USE_HEADERMAP = NO;
				WARNING_CFLAGS = ("-Wmost","-Wno-four-char-constants","-Wno-unknown-pragmas","$(inherited)");
			};
			name = MinSizeRel;
		};
		71967B3039D74E5CBE754722 /* MinSizeRel */ = {
			isa = XCBuildConfiguration;
			buildSettings = {
				COMBINE_HIDPI_IMAGES = YES;
				EXECUTABLE_PREFIX = lib;
				EXECUTABLE_SUFFIX = .a;
				GCC_GENERATE_DEBUGGING_SYMBOLS = NO;
				GCC_INLINES_ARE_PRIVATE_EXTERN = NO;
				GCC_OPTIMIZATION_LEVEL = s;
				GCC_PREPROCESSOR_DEFINITIONS = ("'CMAKE_INTDIR=\"$(CONFIGURATION)$(EFFECTIVE_PLATFORM_NAME)\"'");
				GCC_SYMBOLS_PRIVATE_EXTERN = NO;
				INSTALL_PATH = "";
				LIBRARY_STYLE = STATIC;
				OTHER_CFLAGS = "    -DNDEBUG  ";
				OTHER_LIBTOOLFLAGS = " ";
				OTHER_REZFLAGS = "";
				PRODUCT_NAME = data;
				SECTORDER_FLAGS = "";
				SYMROOT = /Users/manhtran/Documents/fishout/mac_build/data;
				USE_HEADERMAP = NO;
				WARNING_CFLAGS = ("-Wmost","-Wno-four-char-constants","-Wno-unknown-pragmas","$(inherited)");
			};
			name = MinSizeRel;
		};
		73F2ABEF559541ACB0415F19 /* Debug */ = {
			isa = XCBuildConfiguration;
			buildSettings = {
				COMBINE_HIDPI_IMAGES = YES;
				GCC_GENERATE_DEBUGGING_SYMBOLS = YES;
				GCC_INLINES_ARE_PRIVATE_EXTERN = NO;
				GCC_OPTIMIZATION_LEVEL = 0;
				GCC_PREPROCESSOR_DEFINITIONS = ("'CMAKE_INTDIR=\"$(CONFIGURATION)$(EFFECTIVE_PLATFORM_NAME)\"'");
				GCC_SYMBOLS_PRIVATE_EXTERN = NO;
				INSTALL_PATH = "";
				OTHER_LDFLAGS = " ";
				OTHER_REZFLAGS = "";
				PRODUCT_NAME = ZERO_CHECK;
				SECTORDER_FLAGS = "";
				SYMROOT = /Users/manhtran/Documents/fishout/mac_build/data;
				USE_HEADERMAP = NO;
				WARNING_CFLAGS = ("-Wmost","-Wno-four-char-constants","-Wno-unknown-pragmas","$(inherited)");
			};
			name = Debug;
		};
		8BAA9D5524DB48C385E17B7A /* Release */ = {
			isa = XCBuildConfiguration;
			buildSettings = {
				COMBINE_HIDPI_IMAGES = YES;
				EXECUTABLE_PREFIX = lib;
				EXECUTABLE_SUFFIX = .a;
				GCC_GENERATE_DEBUGGING_SYMBOLS = NO;
				GCC_INLINES_ARE_PRIVATE_EXTERN = NO;
				GCC_OPTIMIZATION_LEVEL = 3;
				GCC_PREPROCESSOR_DEFINITIONS = ("'CMAKE_INTDIR=\"$(CONFIGURATION)$(EFFECTIVE_PLATFORM_NAME)\"'");
				GCC_SYMBOLS_PRIVATE_EXTERN = NO;
				INSTALL_PATH = "";
				LIBRARY_STYLE = STATIC;
				OTHER_CFLAGS = "    -DNDEBUG  ";
				OTHER_LIBTOOLFLAGS = " ";
				OTHER_REZFLAGS = "";
				PRODUCT_NAME = data;
				SECTORDER_FLAGS = "";
				SYMROOT = /Users/manhtran/Documents/fishout/mac_build/data;
				USE_HEADERMAP = NO;
				WARNING_CFLAGS = ("-Wmost","-Wno-four-char-constants","-Wno-unknown-pragmas","$(inherited)");
			};
			name = Release;
		};
		8C70FB07765643A6A81B46E5 /* RelWithDebInfo */ = {
			isa = XCBuildConfiguration;
			buildSettings = {
				COMBINE_HIDPI_IMAGES = YES;
				EXECUTABLE_PREFIX = lib;
				EXECUTABLE_SUFFIX = .a;
				GCC_GENERATE_DEBUGGING_SYMBOLS = YES;
				GCC_INLINES_ARE_PRIVATE_EXTERN = NO;
				GCC_OPTIMIZATION_LEVEL = 2;
				GCC_PREPROCESSOR_DEFINITIONS = ("'CMAKE_INTDIR=\"$(CONFIGURATION)$(EFFECTIVE_PLATFORM_NAME)\"'");
				GCC_SYMBOLS_PRIVATE_EXTERN = NO;
				INSTALL_PATH = "";
				LIBRARY_STYLE = STATIC;
				OTHER_CFLAGS = "       -DNDEBUG  ";
				OTHER_LIBTOOLFLAGS = " ";
				OTHER_REZFLAGS = "";
				PRODUCT_NAME = data;
				SECTORDER_FLAGS = "";
				SYMROOT = /Users/manhtran/Documents/fishout/mac_build/data;
				USE_HEADERMAP = NO;
				WARNING_CFLAGS = ("-Wmost","-Wno-four-char-constants","-Wno-unknown-pragmas","$(inherited)");
			};
			name = RelWithDebInfo;
		};
		A9517376E3794EA48E15963D /* MinSizeRel */ = {
			isa = XCBuildConfiguration;
			buildSettings = {
				ONLY_ACTIVE_ARCH = YES;
				SDKROOT = /Applications/Xcode.app/Contents/Developer/Platforms/MacOSX.platform/Developer/SDKs/MacOSX10.12.sdk;
				SYMROOT = /Users/manhtran/Documents/fishout/mac_build/data/build;
			};
			name = MinSizeRel;
		};
		C0F9C6E1167247CB93DA0DA2 /* Debug */ = {
			isa = XCBuildConfiguration;
			buildSettings = {
				ONLY_ACTIVE_ARCH = YES;
				SDKROOT = /Applications/Xcode.app/Contents/Developer/Platforms/MacOSX.platform/Developer/SDKs/MacOSX10.12.sdk;
				SYMROOT = /Users/manhtran/Documents/fishout/mac_build/data/build;
			};
			name = Debug;
		};
		C798F635FDF84CC187A29D20 /* Debug */ = {
			isa = XCBuildConfiguration;
			buildSettings = {
				COMBINE_HIDPI_IMAGES = YES;
				EXECUTABLE_PREFIX = lib;
				EXECUTABLE_SUFFIX = .a;
				GCC_GENERATE_DEBUGGING_SYMBOLS = YES;
				GCC_INLINES_ARE_PRIVATE_EXTERN = NO;
				GCC_OPTIMIZATION_LEVEL = 0;
				GCC_PREPROCESSOR_DEFINITIONS = ("'CMAKE_INTDIR=\"$(CONFIGURATION)$(EFFECTIVE_PLATFORM_NAME)\"'");
				GCC_SYMBOLS_PRIVATE_EXTERN = NO;
				INSTALL_PATH = "";
				LIBRARY_STYLE = STATIC;
				OTHER_CFLAGS = "    ";
				OTHER_LIBTOOLFLAGS = " ";
				OTHER_REZFLAGS = "";
				PRODUCT_NAME = data;
				SECTORDER_FLAGS = "";
				SYMROOT = /Users/manhtran/Documents/fishout/mac_build/data;
				USE_HEADERMAP = NO;
				WARNING_CFLAGS = ("-Wmost","-Wno-four-char-constants","-Wno-unknown-pragmas","$(inherited)");
			};
			name = Debug;
		};
		DFD704D2AB414C06AB4AF531 /* RelWithDebInfo */ = {
			isa = XCBuildConfiguration;
			buildSettings = {
				COMBINE_HIDPI_IMAGES = YES;
				GCC_GENERATE_DEBUGGING_SYMBOLS = YES;
				GCC_INLINES_ARE_PRIVATE_EXTERN = NO;
				GCC_OPTIMIZATION_LEVEL = 0;
				GCC_PREPROCESSOR_DEFINITIONS = ("'CMAKE_INTDIR=\"$(CONFIGURATION)$(EFFECTIVE_PLATFORM_NAME)\"'");
				GCC_SYMBOLS_PRIVATE_EXTERN = NO;
				INSTALL_PATH = "";
				OTHER_LDFLAGS = " ";
				OTHER_REZFLAGS = "";
				PRODUCT_NAME = ALL_BUILD;
				SECTORDER_FLAGS = "";
				SYMROOT = /Users/manhtran/Documents/fishout/mac_build/data;
				USE_HEADERMAP = NO;
				WARNING_CFLAGS = ("-Wmost","-Wno-four-char-constants","-Wno-unknown-pragmas","$(inherited)");
			};
			name = RelWithDebInfo;
		};
		F924407BF4D64B409F3B2538 /* RelWithDebInfo */ = {
			isa = XCBuildConfiguration;
			buildSettings = {
				ONLY_ACTIVE_ARCH = YES;
				SDKROOT = /Applications/Xcode.app/Contents/Developer/Platforms/MacOSX.platform/Developer/SDKs/MacOSX10.12.sdk;
				SYMROOT = /Users/manhtran/Documents/fishout/mac_build/data/build;
			};
			name = RelWithDebInfo;
		};
/* End XCBuildConfiguration section */

/* Begin XCConfigurationList section */
		20DC12C1D98A40468B020296 /* Build configuration list for PBXNativeTarget "data" */ = {
			isa = XCConfigurationList;
			buildConfigurations = (
				C798F635FDF84CC187A29D20 /* Debug */,
				8BAA9D5524DB48C385E17B7A /* Release */,
				71967B3039D74E5CBE754722 /* MinSizeRel */,
				8C70FB07765643A6A81B46E5 /* RelWithDebInfo */,
			);
			defaultConfigurationIsVisible = 0;
			defaultConfigurationName = Debug;
		};
		232AB8AD727846A7842645AE /* Build configuration list for PBXAggregateTarget "ZERO_CHECK" */ = {
			isa = XCConfigurationList;
			buildConfigurations = (
				73F2ABEF559541ACB0415F19 /* Debug */,
				49E1DA1EEEB3438186526A6E /* Release */,
				62E16ED3AEA0487BAA50AC76 /* MinSizeRel */,
				10921C31B4144925B857BE91 /* RelWithDebInfo */,
			);
			defaultConfigurationIsVisible = 0;
			defaultConfigurationName = Debug;
		};
		D9E6378DC9E34310A65F9B95 /* Build configuration list for PBXAggregateTarget "ALL_BUILD" */ = {
			isa = XCConfigurationList;
			buildConfigurations = (
				012AEE9E8CDD4846B9DABAFE /* Debug */,
				2826EC87722C49C79C1C9239 /* Release */,
				59B897A90A3443ADAD639C90 /* MinSizeRel */,
				DFD704D2AB414C06AB4AF531 /* RelWithDebInfo */,
			);
			defaultConfigurationIsVisible = 0;
			defaultConfigurationName = Debug;
		};
		ECF915BA497F4A8FA51C65DF /* Build configuration list for PBXProject "data" */ = {
			isa = XCConfigurationList;
			buildConfigurations = (
				C0F9C6E1167247CB93DA0DA2 /* Debug */,
				18B82C27D1124730BACA8BF8 /* Release */,
				A9517376E3794EA48E15963D /* MinSizeRel */,
				F924407BF4D64B409F3B2538 /* RelWithDebInfo */,
			);
			defaultConfigurationIsVisible = 0;
			defaultConfigurationName = Debug;
		};
/* End XCConfigurationList section */
	};
	rootObject = 772267BE8EC34E3DA8B29A45 /* Project object */;
}
