// !$*UTF8*$!
{
	archiveVersion = 1;
	classes = {
	};
	objectVersion = 46;
	objects = {

/* Begin PBXAggregateTarget section */
		AB3102B26ABA40C38CBA924F /* ALL_BUILD */ = {
			isa = PBXAggregateTarget;
			buildConfigurationList = EBE8DDCF062C4E38A4A0659E /* Build configuration list for PBXAggregateTarget "ALL_BUILD" */;
			buildPhases = (
				5F59B109AD0D48CFA2E5F43F /* CMake Rules */,
			);
			dependencies = (
				672615B4A32F4F9993268321 /* PBXTargetDependency */,
				368F3C4249D14F1283910511 /* PBXTargetDependency */,
				F4350D440DE24305B730B278 /* PBXTargetDependency */,
				172D67DFF8BB483E9C4302E7 /* PBXTargetDependency */,
				E1DFE4A901CC4AE0931B381B /* PBXTargetDependency */,
				0FDF0DA513F545AFB1D26B3A /* PBXTargetDependency */,
			);
			name = ALL_BUILD;
			productName = ALL_BUILD;
		};
		D73EE6E8CB534E6DA1B735BC /* ZERO_CHECK */ = {
			isa = PBXAggregateTarget;
			buildConfigurationList = 04E1B271E8474B349AFE9BEC /* Build configuration list for PBXAggregateTarget "ZERO_CHECK" */;
			buildPhases = (
				F2EA9C7C2ED74C5281683DBD /* CMake Rules */,
			);
			dependencies = (
			);
			name = ZERO_CHECK;
			productName = ZERO_CHECK;
		};
/* End PBXAggregateTarget section */

/* Begin PBXBuildFile section */
		00ECF1EDCE81432196C9E147 /* m_string.c in Sources */ = {isa = PBXBuildFile; fileRef = 8906A44B4E6B4DC88A27C449 /* m_string.c */; settings = {COMPILER_FLAGS = ""; }; };
		46ABB9D2035645FB9B757705 /* xml.c in Sources */ = {isa = PBXBuildFile; fileRef = 2D2254C7C5F846FCAD5311D7 /* xml.c */; settings = {COMPILER_FLAGS = ""; }; };
		71DE77E11A4A482A9CFFCE43 /* io.m in Sources */ = {isa = PBXBuildFile; fileRef = 2C24BC3F36FD4CE6AFCD05BB /* io.m */; settings = {COMPILER_FLAGS = ""; }; };
		850D222AA6B84E9689782659 /* m_array.c in Sources */ = {isa = PBXBuildFile; fileRef = 9D675DDED7374A9C8C931878 /* m_array.c */; settings = {COMPILER_FLAGS = ""; }; };
		945090F7D70A4300ACB4899D /* m_data.c in Sources */ = {isa = PBXBuildFile; fileRef = E6DAE9E7406D458C842DA593 /* m_data.c */; settings = {COMPILER_FLAGS = ""; }; };
		A35F2B8BF0244BB4968501E3 /* model.c in Sources */ = {isa = PBXBuildFile; fileRef = 0C9B0E8160A748469D904D87 /* model.c */; settings = {COMPILER_FLAGS = ""; }; };
		A5CB65A653A84AE0A08B06E9 /* io.c in Sources */ = {isa = PBXBuildFile; fileRef = 266BB3CDDA294E2291FB4C9A /* io.c */; settings = {COMPILER_FLAGS = ""; }; };
		A9AFA721A5744690AE830512 /* main.c in Sources */ = {isa = PBXBuildFile; fileRef = D9FDBA9689F144278800B6DB /* main.c */; settings = {COMPILER_FLAGS = ""; }; };
		B9851C34056D4D61B9FD3CD2 /* game.c in Sources */ = {isa = PBXBuildFile; fileRef = A518EDBAC7184CF8BBA85B32 /* game.c */; settings = {COMPILER_FLAGS = ""; }; };
		BEE8DA0BCD554509B856E295 /* m_map.c in Sources */ = {isa = PBXBuildFile; fileRef = D10420B9FC13422F92A0824B /* m_map.c */; settings = {COMPILER_FLAGS = ""; }; };
		C0F25F2E1DED2D1000E96A17 /* res in CopyFiles */ = {isa = PBXBuildFile; fileRef = C0F25F2B1DED2B0200E96A17 /* res */; };
		DC25856B4DAF4FB0B847BEFF /* g_math.c in Sources */ = {isa = PBXBuildFile; fileRef = 92A57C34438B41F28E4EB1E2 /* g_math.c */; settings = {COMPILER_FLAGS = ""; }; };
/* End PBXBuildFile section */

/* Begin PBXContainerItemProxy section */
		09E83214A5CA45A78AF5AF5B /* PBXContainerItemProxy */ = {
			isa = PBXContainerItemProxy;
			containerPortal = 019F9373DEBF4DE987A92AE1 /* Project object */;
			proxyType = 1;
			remoteGlobalIDString = 1A8FA2AE56154CCE8B88696C;
			remoteInfo = utils;
		};
		0D83ED4B4F1E4BE8B655A9FF /* PBXContainerItemProxy */ = {
			isa = PBXContainerItemProxy;
			containerPortal = 019F9373DEBF4DE987A92AE1 /* Project object */;
			proxyType = 1;
			remoteGlobalIDString = 0863D970AFB94641B7934431;
			remoteInfo = data;
		};
		238461DC01CB45498079FEC1 /* PBXContainerItemProxy */ = {
			isa = PBXContainerItemProxy;
			containerPortal = 019F9373DEBF4DE987A92AE1 /* Project object */;
			proxyType = 1;
			remoteGlobalIDString = D73EE6E8CB534E6DA1B735BC;
			remoteInfo = ZERO_CHECK;
		};
		27327CDDDEC44341A00335DF /* PBXContainerItemProxy */ = {
			isa = PBXContainerItemProxy;
			containerPortal = 019F9373DEBF4DE987A92AE1 /* Project object */;
			proxyType = 1;
			remoteGlobalIDString = 0863D970AFB94641B7934431;
			remoteInfo = data;
		};
		2CA4BC6D5CD047D982DD7F9B /* PBXContainerItemProxy */ = {
			isa = PBXContainerItemProxy;
			containerPortal = 019F9373DEBF4DE987A92AE1 /* Project object */;
			proxyType = 1;
			remoteGlobalIDString = 1A8FA2AE56154CCE8B88696C;
			remoteInfo = utils;
		};
		339235B21175470B9240618C /* PBXContainerItemProxy */ = {
			isa = PBXContainerItemProxy;
			containerPortal = 019F9373DEBF4DE987A92AE1 /* Project object */;
			proxyType = 1;
			remoteGlobalIDString = 7C42B6385FBA413E9478CD01;
			remoteInfo = math;
		};
		51775C54629941EFA52BA127 /* PBXContainerItemProxy */ = {
			isa = PBXContainerItemProxy;
			containerPortal = 019F9373DEBF4DE987A92AE1 /* Project object */;
			proxyType = 1;
			remoteGlobalIDString = D73EE6E8CB534E6DA1B735BC;
			remoteInfo = ZERO_CHECK;
		};
		52A761D48EF6453D8529940A /* PBXContainerItemProxy */ = {
			isa = PBXContainerItemProxy;
			containerPortal = 019F9373DEBF4DE987A92AE1 /* Project object */;
			proxyType = 1;
			remoteGlobalIDString = 37F8A506847C4C41A95F1F15;
			remoteInfo = fishout;
		};
		6164E5991EF44BF9AE01B916 /* PBXContainerItemProxy */ = {
			isa = PBXContainerItemProxy;
			containerPortal = 019F9373DEBF4DE987A92AE1 /* Project object */;
			proxyType = 1;
			remoteGlobalIDString = 0863D970AFB94641B7934431;
			remoteInfo = data;
		};
		68AEEAF285974CB79CB744D2 /* PBXContainerItemProxy */ = {
			isa = PBXContainerItemProxy;
			containerPortal = 019F9373DEBF4DE987A92AE1 /* Project object */;
			proxyType = 1;
			remoteGlobalIDString = 1A8FA2AE56154CCE8B88696C;
			remoteInfo = utils;
		};
		84011905E1874A1DB2C93E67 /* PBXContainerItemProxy */ = {
			isa = PBXContainerItemProxy;
			containerPortal = 019F9373DEBF4DE987A92AE1 /* Project object */;
			proxyType = 1;
			remoteGlobalIDString = 7C42B6385FBA413E9478CD01;
			remoteInfo = math;
		};
		909AD93C40F045C895F6F2C9 /* PBXContainerItemProxy */ = {
			isa = PBXContainerItemProxy;
			containerPortal = 019F9373DEBF4DE987A92AE1 /* Project object */;
			proxyType = 1;
			remoteGlobalIDString = 0863D970AFB94641B7934431;
			remoteInfo = data;
		};
		B01FE997750343D893EA8BD1 /* PBXContainerItemProxy */ = {
			isa = PBXContainerItemProxy;
			containerPortal = 019F9373DEBF4DE987A92AE1 /* Project object */;
			proxyType = 1;
			remoteGlobalIDString = 833EE9346D70497482BEF212;
			remoteInfo = game;
		};
		B8475BA53DEF41EE8706DE9E /* PBXContainerItemProxy */ = {
			isa = PBXContainerItemProxy;
			containerPortal = 019F9373DEBF4DE987A92AE1 /* Project object */;
			proxyType = 1;
			remoteGlobalIDString = 833EE9346D70497482BEF212;
			remoteInfo = game;
		};
		C61BE263304F4246A0682E12 /* PBXContainerItemProxy */ = {
			isa = PBXContainerItemProxy;
			containerPortal = 019F9373DEBF4DE987A92AE1 /* Project object */;
			proxyType = 1;
			remoteGlobalIDString = 7C42B6385FBA413E9478CD01;
			remoteInfo = math;
		};
/* End PBXContainerItemProxy section */

/* Begin PBXCopyFilesBuildPhase section */
		C0F25F2D1DED2D0300E96A17 /* CopyFiles */ = {
			isa = PBXCopyFilesBuildPhase;
			buildActionMask = 2147483647;
			dstPath = "";
			dstSubfolderSpec = 7;
			files = (
				C0F25F2E1DED2D1000E96A17 /* res in CopyFiles */,
			);
			runOnlyForDeploymentPostprocessing = 0;
		};
/* End PBXCopyFilesBuildPhase section */

/* Begin PBXFileReference section */
		07AF48FAD9DA47779B67693D /* libdata.a */ = {isa = PBXFileReference; explicitFileType = archive.ar; path = libdata.a; sourceTree = BUILT_PRODUCTS_DIR; };
		0C9B0E8160A748469D904D87 /* model.c */ = {isa = PBXFileReference; explicitFileType = sourcecode.c.c; fileEncoding = 4; name = model.c; path = game/model.c; sourceTree = SOURCE_ROOT; };
		0FC584877D4D4872A3B321D5 /* CMakeLists.txt */ = {isa = PBXFileReference; explicitFileType = sourcecode.text; fileEncoding = 4; lastKnownFileType = text; name = CMakeLists.txt; path = utils/CMakeLists.txt; sourceTree = SOURCE_ROOT; };
		266BB3CDDA294E2291FB4C9A /* io.c */ = {isa = PBXFileReference; explicitFileType = sourcecode.c.c; fileEncoding = 4; name = io.c; path = utils/io.c; sourceTree = SOURCE_ROOT; };
		2C24BC3F36FD4CE6AFCD05BB /* io.m */ = {isa = PBXFileReference; explicitFileType = sourcecode.c.objc; fileEncoding = 4; name = io.m; path = utils/io.m; sourceTree = SOURCE_ROOT; };
		2D2254C7C5F846FCAD5311D7 /* xml.c */ = {isa = PBXFileReference; explicitFileType = sourcecode.c.c; fileEncoding = 4; name = xml.c; path = utils/xml.c; sourceTree = SOURCE_ROOT; };
		4C7AA3CD5E314582B0762C27 /* CMakeLists.txt */ = {isa = PBXFileReference; explicitFileType = sourcecode.text; fileEncoding = 4; lastKnownFileType = text; name = CMakeLists.txt; path = math/CMakeLists.txt; sourceTree = SOURCE_ROOT; };
		592BA721B7F2433A827CB36A /* fishout */ = {isa = PBXFileReference; explicitFileType = "compiled.mach-o.executable"; path = fishout; sourceTree = BUILT_PRODUCTS_DIR; };
		77550E93A6214C35925C2DD2 /* CMakeLists.txt */ = {isa = PBXFileReference; explicitFileType = sourcecode.text; fileEncoding = 4; lastKnownFileType = text; name = CMakeLists.txt; path = data/CMakeLists.txt; sourceTree = SOURCE_ROOT; };
		8906A44B4E6B4DC88A27C449 /* m_string.c */ = {isa = PBXFileReference; explicitFileType = sourcecode.c.c; fileEncoding = 4; name = m_string.c; path = data/m_string.c; sourceTree = SOURCE_ROOT; };
		92A57C34438B41F28E4EB1E2 /* g_math.c */ = {isa = PBXFileReference; explicitFileType = sourcecode.c.c; fileEncoding = 4; name = g_math.c; path = math/g_math.c; sourceTree = SOURCE_ROOT; };
		9D675DDED7374A9C8C931878 /* m_array.c */ = {isa = PBXFileReference; explicitFileType = sourcecode.c.c; fileEncoding = 4; name = m_array.c; path = data/m_array.c; sourceTree = SOURCE_ROOT; };
		A0785C53AB0E4E8D9E0B1EDD /* CMakeLists.txt */ = {isa = PBXFileReference; explicitFileType = sourcecode.text; fileEncoding = 4; lastKnownFileType = text; name = CMakeLists.txt; path = game/CMakeLists.txt; sourceTree = SOURCE_ROOT; };
		A518EDBAC7184CF8BBA85B32 /* game.c */ = {isa = PBXFileReference; explicitFileType = sourcecode.c.c; fileEncoding = 4; name = game.c; path = game/game.c; sourceTree = SOURCE_ROOT; };
		AFB065FBF71E4F6FB4F48264 /* libgame.a */ = {isa = PBXFileReference; explicitFileType = archive.ar; path = libgame.a; sourceTree = BUILT_PRODUCTS_DIR; };
		C0F25F2B1DED2B0200E96A17 /* res */ = {isa = PBXFileReference; lastKnownFileType = folder; name = res; path = mac_build/res; sourceTree = "<group>"; };
		C4F933833E7E4280A9250AC3 /* CMakeLists.txt */ = {isa = PBXFileReference; explicitFileType = sourcecode.text; fileEncoding = 4; lastKnownFileType = text; path = CMakeLists.txt; sourceTree = SOURCE_ROOT; };
		CF5027E36BC244CFB6370C7D /* libmath.a */ = {isa = PBXFileReference; explicitFileType = archive.ar; path = libmath.a; sourceTree = BUILT_PRODUCTS_DIR; };
		D10420B9FC13422F92A0824B /* m_map.c */ = {isa = PBXFileReference; explicitFileType = sourcecode.c.c; fileEncoding = 4; name = m_map.c; path = data/m_map.c; sourceTree = SOURCE_ROOT; };
		D3EEC7575669407BA3750D8A /* libutils.a */ = {isa = PBXFileReference; explicitFileType = archive.ar; path = libutils.a; sourceTree = BUILT_PRODUCTS_DIR; };
		D9FDBA9689F144278800B6DB /* main.c */ = {isa = PBXFileReference; explicitFileType = sourcecode.c.c; fileEncoding = 4; path = main.c; sourceTree = SOURCE_ROOT; };
		E6DAE9E7406D458C842DA593 /* m_data.c */ = {isa = PBXFileReference; explicitFileType = sourcecode.c.c; fileEncoding = 4; name = m_data.c; path = data/m_data.c; sourceTree = SOURCE_ROOT; };
		F189074C4DFC455CAAE3CD99 /* CMakeLists.txt */ = {isa = PBXFileReference; explicitFileType = sourcecode.text; fileEncoding = 4; lastKnownFileType = text; path = CMakeLists.txt; sourceTree = SOURCE_ROOT; };
		FABEF4BF0F22415896688EAD /* CMakeLists.txt */ = {isa = PBXFileReference; explicitFileType = sourcecode.text; fileEncoding = 4; lastKnownFileType = text; path = CMakeLists.txt; sourceTree = SOURCE_ROOT; };
/* End PBXFileReference section */

/* Begin PBXGroup section */
		198D7686EEC44F7490A57521 /* fishout */ = {
			isa = PBXGroup;
			children = (
				775ABAD0749D469E9B1DE4A9 /* Source Files */,
				FABEF4BF0F22415896688EAD /* CMakeLists.txt */,
			);
			name = fishout;
			sourceTree = "<group>";
		};
		26039FE055A14ED18790C1C5 /* utils */ = {
			isa = PBXGroup;
			children = (
				5E57CC6A9110417399F2B594 /* Source Files */,
				0FC584877D4D4872A3B321D5 /* CMakeLists.txt */,
			);
			name = utils;
			sourceTree = "<group>";
		};
		42EF724B0DB047BAAAC3FBEB /* Source Files */ = {
			isa = PBXGroup;
			children = (
				A518EDBAC7184CF8BBA85B32 /* game.c */,
				0C9B0E8160A748469D904D87 /* model.c */,
			);
			name = "Source Files";
			sourceTree = "<group>";
		};
		50ACEA7EC9644473AD06136F /* game */ = {
			isa = PBXGroup;
			children = (
				42EF724B0DB047BAAAC3FBEB /* Source Files */,
				A0785C53AB0E4E8D9E0B1EDD /* CMakeLists.txt */,
			);
			name = game;
			sourceTree = "<group>";
		};
		5D6A774A9101405CADD8A0E9 /* ZERO_CHECK */ = {
			isa = PBXGroup;
			children = (
				9F2BABC4AACA4E579CB9DA34 /* CMake Rules */,
				C4F933833E7E4280A9250AC3 /* CMakeLists.txt */,
			);
			name = ZERO_CHECK;
			sourceTree = "<group>";
		};
		5E57CC6A9110417399F2B594 /* Source Files */ = {
			isa = PBXGroup;
			children = (
				266BB3CDDA294E2291FB4C9A /* io.c */,
				2C24BC3F36FD4CE6AFCD05BB /* io.m */,
				2D2254C7C5F846FCAD5311D7 /* xml.c */,
			);
			name = "Source Files";
			sourceTree = "<group>";
		};
		6400663CA9464BF7AD9A4985 /* ALL_BUILD */ = {
			isa = PBXGroup;
			children = (
				E18F9B0A628F47A3B6F648BD /* CMake Rules */,
				F189074C4DFC455CAAE3CD99 /* CMakeLists.txt */,
			);
			name = ALL_BUILD;
			sourceTree = "<group>";
		};
		775ABAD0749D469E9B1DE4A9 /* Source Files */ = {
			isa = PBXGroup;
			children = (
				D9FDBA9689F144278800B6DB /* main.c */,
			);
			name = "Source Files";
			sourceTree = "<group>";
		};
		9F2BABC4AACA4E579CB9DA34 /* CMake Rules */ = {
			isa = PBXGroup;
			children = (
			);
			name = "CMake Rules";
			sourceTree = "<group>";
		};
		A98D2F891BB24DEF8F13FED6 /* Products */ = {
			isa = PBXGroup;
			children = (
				592BA721B7F2433A827CB36A /* fishout */,
				CF5027E36BC244CFB6370C7D /* libmath.a */,
				07AF48FAD9DA47779B67693D /* libdata.a */,
				D3EEC7575669407BA3750D8A /* libutils.a */,
				AFB065FBF71E4F6FB4F48264 /* libgame.a */,
			);
			name = Products;
			sourceTree = "<group>";
		};
		B04CEF2E1163483C8963983B /* Resources */ = {
			isa = PBXGroup;
			children = (
				C0F25F2B1DED2B0200E96A17 /* res */,
			);
			name = Resources;
			sourceTree = "<group>";
		};
		B3CDCB10E7C44099B21D097D = {
			isa = PBXGroup;
			children = (
				FD13ED51D30E4B84852E4767 /* Sources */,
				B04CEF2E1163483C8963983B /* Resources */,
				A98D2F891BB24DEF8F13FED6 /* Products */,
			);
			sourceTree = "<group>";
		};
		CAC24F82C5FD44C0BE418C69 /* Source Files */ = {
			isa = PBXGroup;
			children = (
				9D675DDED7374A9C8C931878 /* m_array.c */,
				E6DAE9E7406D458C842DA593 /* m_data.c */,
				D10420B9FC13422F92A0824B /* m_map.c */,
				8906A44B4E6B4DC88A27C449 /* m_string.c */,
			);
			name = "Source Files";
			sourceTree = "<group>";
		};
		E18F9B0A628F47A3B6F648BD /* CMake Rules */ = {
			isa = PBXGroup;
			children = (
			);
			name = "CMake Rules";
			sourceTree = "<group>";
		};
		F6AD1025749B4F2489AFE167 /* Source Files */ = {
			isa = PBXGroup;
			children = (
				92A57C34438B41F28E4EB1E2 /* g_math.c */,
			);
			name = "Source Files";
			sourceTree = "<group>";
		};
		FD13ED51D30E4B84852E4767 /* Sources */ = {
			isa = PBXGroup;
			children = (
				198D7686EEC44F7490A57521 /* fishout */,
				6400663CA9464BF7AD9A4985 /* ALL_BUILD */,
				5D6A774A9101405CADD8A0E9 /* ZERO_CHECK */,
				FE8570CF535A48EC9B7AD5A9 /* math */,
				FD31C3D495F4499C8576F6A1 /* data */,
				26039FE055A14ED18790C1C5 /* utils */,
				50ACEA7EC9644473AD06136F /* game */,
			);
			name = Sources;
			sourceTree = "<group>";
		};
		FD31C3D495F4499C8576F6A1 /* data */ = {
			isa = PBXGroup;
			children = (
				CAC24F82C5FD44C0BE418C69 /* Source Files */,
				77550E93A6214C35925C2DD2 /* CMakeLists.txt */,
			);
			name = data;
			sourceTree = "<group>";
		};
		FE8570CF535A48EC9B7AD5A9 /* math */ = {
			isa = PBXGroup;
			children = (
				F6AD1025749B4F2489AFE167 /* Source Files */,
				4C7AA3CD5E314582B0762C27 /* CMakeLists.txt */,
			);
			name = math;
			sourceTree = "<group>";
		};
/* End PBXGroup section */

/* Begin PBXNativeTarget section */
		0863D970AFB94641B7934431 /* data */ = {
			isa = PBXNativeTarget;
			buildConfigurationList = EF1ECD5F9BA74E27843A19CE /* Build configuration list for PBXNativeTarget "data" */;
			buildPhases = (
				A5AE060553BB42EA9F89D05A /* Sources */,
			);
			buildRules = (
			);
			dependencies = (
			);
			name = data;
			productName = data;
			productReference = 07AF48FAD9DA47779B67693D /* libdata.a */;
			productType = "com.apple.product-type.library.static";
		};
		1A8FA2AE56154CCE8B88696C /* utils */ = {
			isa = PBXNativeTarget;
			buildConfigurationList = 105484049DCA411CA53AA9B7 /* Build configuration list for PBXNativeTarget "utils" */;
			buildPhases = (
				C7BCAE9C9DE8468AA067040A /* Sources */,
			);
			buildRules = (
			);
			dependencies = (
				85FFC9AD5F2748418054B15A /* PBXTargetDependency */,
			);
			name = utils;
			productName = utils;
			productReference = D3EEC7575669407BA3750D8A /* libutils.a */;
			productType = "com.apple.product-type.library.static";
		};
		37F8A506847C4C41A95F1F15 /* fishout */ = {
			isa = PBXNativeTarget;
			buildConfigurationList = DADFFFEA6A6D4BF2B191C1B6 /* Build configuration list for PBXNativeTarget "fishout" */;
			buildPhases = (
				9924A7DE0E0B458695CB1B0A /* Sources */,
				C0F25F2D1DED2D0300E96A17 /* CopyFiles */,
			);
			buildRules = (
			);
			dependencies = (
				DBBC0012FC194DB6B21CA509 /* PBXTargetDependency */,
				A3F85B60EEC84E06BC1D6688 /* PBXTargetDependency */,
				3D26694E57F544D5BDD04D66 /* PBXTargetDependency */,
				3FC3C38E9F6F4EAAAD5864F5 /* PBXTargetDependency */,
				A71B95AD456347F39ADE9966 /* PBXTargetDependency */,
			);
			name = fishout;
			productName = fishout;
			productReference = 592BA721B7F2433A827CB36A /* fishout */;
			productType = "com.apple.product-type.tool";
		};
		7C42B6385FBA413E9478CD01 /* math */ = {
			isa = PBXNativeTarget;
			buildConfigurationList = CDF9CA316C134606A6333C7F /* Build configuration list for PBXNativeTarget "math" */;
			buildPhases = (
				A0D00855DE134365A06B3BB5 /* Sources */,
			);
			buildRules = (
			);
			dependencies = (
			);
			name = math;
			productName = math;
			productReference = CF5027E36BC244CFB6370C7D /* libmath.a */;
			productType = "com.apple.product-type.library.static";
		};
		833EE9346D70497482BEF212 /* game */ = {
			isa = PBXNativeTarget;
			buildConfigurationList = C6506FB81CEF40C7B84D2378 /* Build configuration list for PBXNativeTarget "game" */;
			buildPhases = (
				D5A54B83DA014ED6B6F71123 /* Sources */,
			);
			buildRules = (
			);
			dependencies = (
				C766A906B2A74BB0B4DA31C8 /* PBXTargetDependency */,
				09A06BC01AD3484DA71F2388 /* PBXTargetDependency */,
				8F0DA6E77778409BA1F23494 /* PBXTargetDependency */,
			);
			name = game;
			productName = game;
			productReference = AFB065FBF71E4F6FB4F48264 /* libgame.a */;
			productType = "com.apple.product-type.library.static";
		};
/* End PBXNativeTarget section */

/* Begin PBXProject section */
		019F9373DEBF4DE987A92AE1 /* Project object */ = {
			isa = PBXProject;
			attributes = {
				BuildIndependentTargetsInParallel = YES;
				LastUpgradeCheck = 0810;
			};
			buildConfigurationList = 60F1969E101340CD96F13585 /* Build configuration list for PBXProject "fishout" */;
			compatibilityVersion = "Xcode 3.2";
			developmentRegion = English;
			hasScannedForEncodings = 0;
			knownRegions = (
				en,
			);
			mainGroup = B3CDCB10E7C44099B21D097D;
			projectDirPath = ../;
			projectRoot = "";
			targets = (
				AB3102B26ABA40C38CBA924F /* ALL_BUILD */,
				D73EE6E8CB534E6DA1B735BC /* ZERO_CHECK */,
				37F8A506847C4C41A95F1F15 /* fishout */,
				7C42B6385FBA413E9478CD01 /* math */,
				0863D970AFB94641B7934431 /* data */,
				1A8FA2AE56154CCE8B88696C /* utils */,
				833EE9346D70497482BEF212 /* game */,
			);
		};
/* End PBXProject section */

/* Begin PBXShellScriptBuildPhase section */
		5F59B109AD0D48CFA2E5F43F /* CMake Rules */ = {
			isa = PBXShellScriptBuildPhase;
			buildActionMask = 2147483647;
			files = (
			);
			name = "CMake Rules";
			runOnlyForDeploymentPostprocessing = 0;
			shellPath = /bin/sh;
			shellScript = "make -C /Users/manhtran/Documents/fishout/mac_build -f /Users/manhtran/Documents/fishout/mac_build/CMakeScripts/ALL_BUILD_cmakeRulesBuildPhase.make$CONFIGURATION all";
			showEnvVarsInLog = 0;
		};
		F2EA9C7C2ED74C5281683DBD /* CMake Rules */ = {
			isa = PBXShellScriptBuildPhase;
			buildActionMask = 2147483647;
			files = (
			);
			name = "CMake Rules";
			runOnlyForDeploymentPostprocessing = 0;
			shellPath = /bin/sh;
			shellScript = "make -C /Users/manhtran/Documents/fishout/mac_build -f /Users/manhtran/Documents/fishout/mac_build/CMakeScripts/ZERO_CHECK_cmakeRulesBuildPhase.make$CONFIGURATION all";
			showEnvVarsInLog = 0;
		};
/* End PBXShellScriptBuildPhase section */

/* Begin PBXSourcesBuildPhase section */
		9924A7DE0E0B458695CB1B0A /* Sources */ = {
			isa = PBXSourcesBuildPhase;
			buildActionMask = 2147483647;
			files = (
				A9AFA721A5744690AE830512 /* main.c in Sources */,
			);
			runOnlyForDeploymentPostprocessing = 0;
		};
		A0D00855DE134365A06B3BB5 /* Sources */ = {
			isa = PBXSourcesBuildPhase;
			buildActionMask = 2147483647;
			files = (
				DC25856B4DAF4FB0B847BEFF /* g_math.c in Sources */,
			);
			runOnlyForDeploymentPostprocessing = 0;
		};
		A5AE060553BB42EA9F89D05A /* Sources */ = {
			isa = PBXSourcesBuildPhase;
			buildActionMask = 2147483647;
			files = (
				850D222AA6B84E9689782659 /* m_array.c in Sources */,
				945090F7D70A4300ACB4899D /* m_data.c in Sources */,
				BEE8DA0BCD554509B856E295 /* m_map.c in Sources */,
				00ECF1EDCE81432196C9E147 /* m_string.c in Sources */,
			);
			runOnlyForDeploymentPostprocessing = 0;
		};
		C7BCAE9C9DE8468AA067040A /* Sources */ = {
			isa = PBXSourcesBuildPhase;
			buildActionMask = 2147483647;
			files = (
				A5CB65A653A84AE0A08B06E9 /* io.c in Sources */,
				71DE77E11A4A482A9CFFCE43 /* io.m in Sources */,
				46ABB9D2035645FB9B757705 /* xml.c in Sources */,
			);
			runOnlyForDeploymentPostprocessing = 0;
		};
		D5A54B83DA014ED6B6F71123 /* Sources */ = {
			isa = PBXSourcesBuildPhase;
			buildActionMask = 2147483647;
			files = (
				B9851C34056D4D61B9FD3CD2 /* game.c in Sources */,
				A35F2B8BF0244BB4968501E3 /* model.c in Sources */,
			);
			runOnlyForDeploymentPostprocessing = 0;
		};
/* End PBXSourcesBuildPhase section */

/* Begin PBXTargetDependency section */
		09A06BC01AD3484DA71F2388 /* PBXTargetDependency */ = {
			isa = PBXTargetDependency;
			target = 1A8FA2AE56154CCE8B88696C /* utils */;
			targetProxy = 68AEEAF285974CB79CB744D2 /* PBXContainerItemProxy */;
		};
		0FDF0DA513F545AFB1D26B3A /* PBXTargetDependency */ = {
			isa = PBXTargetDependency;
			target = 7C42B6385FBA413E9478CD01 /* math */;
			targetProxy = 84011905E1874A1DB2C93E67 /* PBXContainerItemProxy */;
		};
		172D67DFF8BB483E9C4302E7 /* PBXTargetDependency */ = {
			isa = PBXTargetDependency;
			target = 1A8FA2AE56154CCE8B88696C /* utils */;
			targetProxy = 2CA4BC6D5CD047D982DD7F9B /* PBXContainerItemProxy */;
		};
		368F3C4249D14F1283910511 /* PBXTargetDependency */ = {
			isa = PBXTargetDependency;
			target = 37F8A506847C4C41A95F1F15 /* fishout */;
			targetProxy = 52A761D48EF6453D8529940A /* PBXContainerItemProxy */;
		};
		3D26694E57F544D5BDD04D66 /* PBXTargetDependency */ = {
			isa = PBXTargetDependency;
			target = 1A8FA2AE56154CCE8B88696C /* utils */;
			targetProxy = 09E83214A5CA45A78AF5AF5B /* PBXContainerItemProxy */;
		};
		3FC3C38E9F6F4EAAAD5864F5 /* PBXTargetDependency */ = {
			isa = PBXTargetDependency;
			target = 833EE9346D70497482BEF212 /* game */;
			targetProxy = B01FE997750343D893EA8BD1 /* PBXContainerItemProxy */;
		};
		672615B4A32F4F9993268321 /* PBXTargetDependency */ = {
			isa = PBXTargetDependency;
			target = D73EE6E8CB534E6DA1B735BC /* ZERO_CHECK */;
			targetProxy = 238461DC01CB45498079FEC1 /* PBXContainerItemProxy */;
		};
		85FFC9AD5F2748418054B15A /* PBXTargetDependency */ = {
			isa = PBXTargetDependency;
			target = 0863D970AFB94641B7934431 /* data */;
			targetProxy = 0D83ED4B4F1E4BE8B655A9FF /* PBXContainerItemProxy */;
		};
		8F0DA6E77778409BA1F23494 /* PBXTargetDependency */ = {
			isa = PBXTargetDependency;
			target = 7C42B6385FBA413E9478CD01 /* math */;
			targetProxy = C61BE263304F4246A0682E12 /* PBXContainerItemProxy */;
		};
		A3F85B60EEC84E06BC1D6688 /* PBXTargetDependency */ = {
			isa = PBXTargetDependency;
			target = 0863D970AFB94641B7934431 /* data */;
			targetProxy = 909AD93C40F045C895F6F2C9 /* PBXContainerItemProxy */;
		};
		A71B95AD456347F39ADE9966 /* PBXTargetDependency */ = {
			isa = PBXTargetDependency;
			target = 7C42B6385FBA413E9478CD01 /* math */;
			targetProxy = 339235B21175470B9240618C /* PBXContainerItemProxy */;
		};
		C766A906B2A74BB0B4DA31C8 /* PBXTargetDependency */ = {
			isa = PBXTargetDependency;
			target = 0863D970AFB94641B7934431 /* data */;
			targetProxy = 27327CDDDEC44341A00335DF /* PBXContainerItemProxy */;
		};
		DBBC0012FC194DB6B21CA509 /* PBXTargetDependency */ = {
			isa = PBXTargetDependency;
			target = D73EE6E8CB534E6DA1B735BC /* ZERO_CHECK */;
			targetProxy = 51775C54629941EFA52BA127 /* PBXContainerItemProxy */;
		};
		E1DFE4A901CC4AE0931B381B /* PBXTargetDependency */ = {
			isa = PBXTargetDependency;
			target = 833EE9346D70497482BEF212 /* game */;
			targetProxy = B8475BA53DEF41EE8706DE9E /* PBXContainerItemProxy */;
		};
		F4350D440DE24305B730B278 /* PBXTargetDependency */ = {
			isa = PBXTargetDependency;
			target = 0863D970AFB94641B7934431 /* data */;
			targetProxy = 6164E5991EF44BF9AE01B916 /* PBXContainerItemProxy */;
		};
/* End PBXTargetDependency section */

/* Begin XCBuildConfiguration section */
		08EB81351AE445D687BBA256 /* MinSizeRel */ = {
			isa = XCBuildConfiguration;
			buildSettings = {
				COMBINE_HIDPI_IMAGES = YES;
				EXECUTABLE_PREFIX = "";
				EXECUTABLE_SUFFIX = "";
				GCC_GENERATE_DEBUGGING_SYMBOLS = NO;
				GCC_INLINES_ARE_PRIVATE_EXTERN = NO;
				GCC_OPTIMIZATION_LEVEL = s;
				GCC_PREPROCESSOR_DEFINITIONS = "'CMAKE_INTDIR=\"$(CONFIGURATION)$(EFFECTIVE_PLATFORM_NAME)\"'";
				GCC_SYMBOLS_PRIVATE_EXTERN = NO;
				HEADER_SEARCH_PATHS = (
					/Users/manhtran/Documents/fishout/data,
					/Users/manhtran/Documents/fishout/game,
					/Users/manhtran/Documents/fishout/math,
					/Users/manhtran/Documents/fishout/platform,
					/Users/manhtran/Documents/fishout/utils,
				);
				INSTALL_PATH = "";
				LIBRARY_SEARCH_PATHS = /usr/local/lib;
				OTHER_CFLAGS = "    -DNDEBUG  ";
				OTHER_LDFLAGS = (
					"-Wl,-search_paths_first",
					"-Wl,-headerpad_max_install_names",
					/Users/manhtran/Documents/fishout/mac_build/game/MinSizeRel/libgame.a,
					/Users/manhtran/Documents/fishout/mac_build/math/MinSizeRel/libmath.a,
					/Users/manhtran/Documents/fishout/mac_build/data/MinSizeRel/libdata.a,
					/Users/manhtran/Documents/fishout/mac_build/utils/MinSizeRel/libutils.a,
					/Users/manhtran/Documents/fishout/mac_build/data/MinSizeRel/libdata.a,
					"-lm",
					"-lpthread",
					"-lSDL2",
					"-lSDL2_image",
					"-framework",
					OpenGL,
					"-framework",
					GLUT,
					"-framework",
					Cocoa,
				);
				OTHER_REZFLAGS = "";
				PRODUCT_NAME = fishout;
				SECTORDER_FLAGS = "";
				SYMROOT = /Users/manhtran/Documents/fishout/mac_build;
				USE_HEADERMAP = NO;
				WARNING_CFLAGS = (
					"-Wmost",
					"-Wno-four-char-constants",
					"-Wno-unknown-pragmas",
					"$(inherited)",
				);
			};
			name = MinSizeRel;
		};
		09DD171395B5490697A04C47 /* MinSizeRel */ = {
			isa = XCBuildConfiguration;
			buildSettings = {
				COMBINE_HIDPI_IMAGES = YES;
				GCC_GENERATE_DEBUGGING_SYMBOLS = YES;
				GCC_INLINES_ARE_PRIVATE_EXTERN = NO;
				GCC_OPTIMIZATION_LEVEL = 0;
				GCC_PREPROCESSOR_DEFINITIONS = "'CMAKE_INTDIR=\"$(CONFIGURATION)$(EFFECTIVE_PLATFORM_NAME)\"'";
				GCC_SYMBOLS_PRIVATE_EXTERN = NO;
				HEADER_SEARCH_PATHS = (
					/Users/manhtran/Documents/fishout/data,
					/Users/manhtran/Documents/fishout/game,
					/Users/manhtran/Documents/fishout/math,
					/Users/manhtran/Documents/fishout/platform,
					/Users/manhtran/Documents/fishout/utils,
				);
				INSTALL_PATH = "";
				OTHER_LDFLAGS = " ";
				OTHER_REZFLAGS = "";
				PRODUCT_NAME = ZERO_CHECK;
				SECTORDER_FLAGS = "";
				SYMROOT = /Users/manhtran/Documents/fishout/mac_build;
				USE_HEADERMAP = NO;
				WARNING_CFLAGS = (
					"-Wmost",
					"-Wno-four-char-constants",
					"-Wno-unknown-pragmas",
					"$(inherited)",
				);
			};
			name = MinSizeRel;
		};
		11B138E852794721B4A8FA18 /* Release */ = {
			isa = XCBuildConfiguration;
			buildSettings = {
				COMBINE_HIDPI_IMAGES = YES;
				EXECUTABLE_PREFIX = lib;
				EXECUTABLE_SUFFIX = .a;
				GCC_GENERATE_DEBUGGING_SYMBOLS = NO;
				GCC_INLINES_ARE_PRIVATE_EXTERN = NO;
				GCC_OPTIMIZATION_LEVEL = 3;
				GCC_PREPROCESSOR_DEFINITIONS = "'CMAKE_INTDIR=\"$(CONFIGURATION)$(EFFECTIVE_PLATFORM_NAME)\"'";
				GCC_SYMBOLS_PRIVATE_EXTERN = NO;
				INSTALL_PATH = "";
				LIBRARY_STYLE = STATIC;
				OTHER_CFLAGS = "    -DNDEBUG  ";
				OTHER_LIBTOOLFLAGS = " ";
				OTHER_REZFLAGS = "";
				PRODUCT_NAME = math;
				SECTORDER_FLAGS = "";
				SYMROOT = /Users/manhtran/Documents/fishout/mac_build/math;
				USE_HEADERMAP = NO;
				WARNING_CFLAGS = (
					"-Wmost",
					"-Wno-four-char-constants",
					"-Wno-unknown-pragmas",
					"$(inherited)",
				);
			};
			name = Release;
		};
		16396ABBD02247C387C55355 /* Release */ = {
			isa = XCBuildConfiguration;
			buildSettings = {
				COMBINE_HIDPI_IMAGES = YES;
				GCC_GENERATE_DEBUGGING_SYMBOLS = YES;
				GCC_INLINES_ARE_PRIVATE_EXTERN = NO;
				GCC_OPTIMIZATION_LEVEL = 0;
				GCC_PREPROCESSOR_DEFINITIONS = "'CMAKE_INTDIR=\"$(CONFIGURATION)$(EFFECTIVE_PLATFORM_NAME)\"'";
				GCC_SYMBOLS_PRIVATE_EXTERN = NO;
				HEADER_SEARCH_PATHS = (
					/Users/manhtran/Documents/fishout/data,
					/Users/manhtran/Documents/fishout/game,
					/Users/manhtran/Documents/fishout/math,
					/Users/manhtran/Documents/fishout/platform,
					/Users/manhtran/Documents/fishout/utils,
				);
				INSTALL_PATH = "";
				OTHER_LDFLAGS = " ";
				OTHER_REZFLAGS = "";
				PRODUCT_NAME = ZERO_CHECK;
				SECTORDER_FLAGS = "";
				SYMROOT = /Users/manhtran/Documents/fishout/mac_build;
				USE_HEADERMAP = NO;
				WARNING_CFLAGS = (
					"-Wmost",
					"-Wno-four-char-constants",
					"-Wno-unknown-pragmas",
					"$(inherited)",
				);
			};
			name = Release;
		};
		1D42C831D4EE48638D12292A /* Release */ = {
			isa = XCBuildConfiguration;
			buildSettings = {
				COMBINE_HIDPI_IMAGES = YES;
				EXECUTABLE_PREFIX = "";
				EXECUTABLE_SUFFIX = "";
				GCC_GENERATE_DEBUGGING_SYMBOLS = NO;
				GCC_INLINES_ARE_PRIVATE_EXTERN = NO;
				GCC_OPTIMIZATION_LEVEL = 3;
				GCC_PREPROCESSOR_DEFINITIONS = "'CMAKE_INTDIR=\"$(CONFIGURATION)$(EFFECTIVE_PLATFORM_NAME)\"'";
				GCC_SYMBOLS_PRIVATE_EXTERN = NO;
				HEADER_SEARCH_PATHS = (
					/Users/manhtran/Documents/fishout/data,
					/Users/manhtran/Documents/fishout/game,
					/Users/manhtran/Documents/fishout/math,
					/Users/manhtran/Documents/fishout/platform,
					/Users/manhtran/Documents/fishout/utils,
				);
				INSTALL_PATH = "";
				LIBRARY_SEARCH_PATHS = /usr/local/lib;
				OTHER_CFLAGS = "    -DNDEBUG  ";
				OTHER_LDFLAGS = (
					"-Wl,-search_paths_first",
					"-Wl,-headerpad_max_install_names",
					/Users/manhtran/Documents/fishout/mac_build/game/Release/libgame.a,
					/Users/manhtran/Documents/fishout/mac_build/math/Release/libmath.a,
					/Users/manhtran/Documents/fishout/mac_build/data/Release/libdata.a,
					/Users/manhtran/Documents/fishout/mac_build/utils/Release/libutils.a,
					/Users/manhtran/Documents/fishout/mac_build/data/Release/libdata.a,
					"-lm",
					"-lpthread",
					"-lSDL2",
					"-lSDL2_image",
					"-framework",
					OpenGL,
					"-framework",
					GLUT,
					"-framework",
					Cocoa,
				);
				OTHER_REZFLAGS = "";
				PRODUCT_NAME = fishout;
				SECTORDER_FLAGS = "";
				SYMROOT = /Users/manhtran/Documents/fishout/mac_build;
				USE_HEADERMAP = NO;
				WARNING_CFLAGS = (
					"-Wmost",
					"-Wno-four-char-constants",
					"-Wno-unknown-pragmas",
					"$(inherited)",
				);
			};
			name = Release;
		};
		25C43433B2594B819E127876 /* Debug */ = {
			isa = XCBuildConfiguration;
			buildSettings = {
				COMBINE_HIDPI_IMAGES = YES;
				EXECUTABLE_PREFIX = lib;
				EXECUTABLE_SUFFIX = .a;
				GCC_GENERATE_DEBUGGING_SYMBOLS = YES;
				GCC_INLINES_ARE_PRIVATE_EXTERN = NO;
				GCC_OPTIMIZATION_LEVEL = 0;
				GCC_PREPROCESSOR_DEFINITIONS = "'CMAKE_INTDIR=\"$(CONFIGURATION)$(EFFECTIVE_PLATFORM_NAME)\"'";
				GCC_SYMBOLS_PRIVATE_EXTERN = NO;
				HEADER_SEARCH_PATHS = (
					/Users/manhtran/Documents/fishout/utils/../platform,
					/Users/manhtran/Documents/fishout/utils/../data,
				);
				INSTALL_PATH = "";
				LIBRARY_STYLE = STATIC;
				OTHER_CFLAGS = "    ";
				OTHER_LIBTOOLFLAGS = " ";
				OTHER_REZFLAGS = "";
				PRODUCT_NAME = utils;
				SECTORDER_FLAGS = "";
				SYMROOT = /Users/manhtran/Documents/fishout/mac_build/utils;
				USE_HEADERMAP = NO;
				WARNING_CFLAGS = (
					"-Wmost",
					"-Wno-four-char-constants",
					"-Wno-unknown-pragmas",
					"$(inherited)",
				);
			};
			name = Debug;
		};
		26D04E1B1C2649A4B51B4A40 /* RelWithDebInfo */ = {
			isa = XCBuildConfiguration;
			buildSettings = {
				COMBINE_HIDPI_IMAGES = YES;
				EXECUTABLE_PREFIX = lib;
				EXECUTABLE_SUFFIX = .a;
				GCC_GENERATE_DEBUGGING_SYMBOLS = YES;
				GCC_INLINES_ARE_PRIVATE_EXTERN = NO;
				GCC_OPTIMIZATION_LEVEL = 2;
				GCC_PREPROCESSOR_DEFINITIONS = "'CMAKE_INTDIR=\"$(CONFIGURATION)$(EFFECTIVE_PLATFORM_NAME)\"'";
				GCC_SYMBOLS_PRIVATE_EXTERN = NO;
				HEADER_SEARCH_PATHS = (
					/Users/manhtran/Documents/fishout/utils/../platform,
					/Users/manhtran/Documents/fishout/utils/../data,
				);
				INSTALL_PATH = "";
				LIBRARY_STYLE = STATIC;
				OTHER_CFLAGS = "       -DNDEBUG  ";
				OTHER_LIBTOOLFLAGS = " ";
				OTHER_REZFLAGS = "";
				PRODUCT_NAME = utils;
				SECTORDER_FLAGS = "";
				SYMROOT = /Users/manhtran/Documents/fishout/mac_build/utils;
				USE_HEADERMAP = NO;
				WARNING_CFLAGS = (
					"-Wmost",
					"-Wno-four-char-constants",
					"-Wno-unknown-pragmas",
					"$(inherited)",
				);
			};
			name = RelWithDebInfo;
		};
		29BCE3F399484D989051541D /* Debug */ = {
			isa = XCBuildConfiguration;
			buildSettings = {
				COMBINE_HIDPI_IMAGES = YES;
				GCC_GENERATE_DEBUGGING_SYMBOLS = YES;
				GCC_INLINES_ARE_PRIVATE_EXTERN = NO;
				GCC_OPTIMIZATION_LEVEL = 0;
				GCC_PREPROCESSOR_DEFINITIONS = "'CMAKE_INTDIR=\"$(CONFIGURATION)$(EFFECTIVE_PLATFORM_NAME)\"'";
				GCC_SYMBOLS_PRIVATE_EXTERN = NO;
				HEADER_SEARCH_PATHS = (
					/Users/manhtran/Documents/fishout/data,
					/Users/manhtran/Documents/fishout/game,
					/Users/manhtran/Documents/fishout/math,
					/Users/manhtran/Documents/fishout/platform,
					/Users/manhtran/Documents/fishout/utils,
				);
				INSTALL_PATH = "";
				OTHER_LDFLAGS = " ";
				OTHER_REZFLAGS = "";
				PRODUCT_NAME = ZERO_CHECK;
				SECTORDER_FLAGS = "";
				SYMROOT = /Users/manhtran/Documents/fishout/mac_build;
				USE_HEADERMAP = NO;
				WARNING_CFLAGS = (
					"-Wmost",
					"-Wno-four-char-constants",
					"-Wno-unknown-pragmas",
					"$(inherited)",
				);
			};
			name = Debug;
		};
		38C71271B7E94CE2B85AC5E7 /* MinSizeRel */ = {
			isa = XCBuildConfiguration;
			buildSettings = {
				COMBINE_HIDPI_IMAGES = YES;
				EXECUTABLE_PREFIX = lib;
				EXECUTABLE_SUFFIX = .a;
				GCC_GENERATE_DEBUGGING_SYMBOLS = NO;
				GCC_INLINES_ARE_PRIVATE_EXTERN = NO;
				GCC_OPTIMIZATION_LEVEL = s;
				GCC_PREPROCESSOR_DEFINITIONS = "'CMAKE_INTDIR=\"$(CONFIGURATION)$(EFFECTIVE_PLATFORM_NAME)\"'";
				GCC_SYMBOLS_PRIVATE_EXTERN = NO;
				INSTALL_PATH = "";
				LIBRARY_STYLE = STATIC;
				OTHER_CFLAGS = "    -DNDEBUG  ";
				OTHER_LIBTOOLFLAGS = " ";
				OTHER_REZFLAGS = "";
				PRODUCT_NAME = data;
				SECTORDER_FLAGS = "";
				SYMROOT = /Users/manhtran/Documents/fishout/mac_build/data;
				USE_HEADERMAP = NO;
				WARNING_CFLAGS = (
					"-Wmost",
					"-Wno-four-char-constants",
					"-Wno-unknown-pragmas",
					"$(inherited)",
				);
			};
			name = MinSizeRel;
		};
		4820E049DA524DFBB84E60AC /* MinSizeRel */ = {
			isa = XCBuildConfiguration;
			buildSettings = {
				COMBINE_HIDPI_IMAGES = YES;
				GCC_GENERATE_DEBUGGING_SYMBOLS = YES;
				GCC_INLINES_ARE_PRIVATE_EXTERN = NO;
				GCC_OPTIMIZATION_LEVEL = 0;
				GCC_PREPROCESSOR_DEFINITIONS = "'CMAKE_INTDIR=\"$(CONFIGURATION)$(EFFECTIVE_PLATFORM_NAME)\"'";
				GCC_SYMBOLS_PRIVATE_EXTERN = NO;
				HEADER_SEARCH_PATHS = (
					/Users/manhtran/Documents/fishout/data,
					/Users/manhtran/Documents/fishout/game,
					/Users/manhtran/Documents/fishout/math,
					/Users/manhtran/Documents/fishout/platform,
					/Users/manhtran/Documents/fishout/utils,
				);
				INSTALL_PATH = "";
				OTHER_LDFLAGS = " ";
				OTHER_REZFLAGS = "";
				PRODUCT_NAME = ALL_BUILD;
				SECTORDER_FLAGS = "";
				SYMROOT = /Users/manhtran/Documents/fishout/mac_build;
				USE_HEADERMAP = NO;
				WARNING_CFLAGS = (
					"-Wmost",
					"-Wno-four-char-constants",
					"-Wno-unknown-pragmas",
					"$(inherited)",
				);
			};
			name = MinSizeRel;
		};
		49C5FE26F8BE47AE88D42404 /* RelWithDebInfo */ = {
			isa = XCBuildConfiguration;
			buildSettings = {
				COMBINE_HIDPI_IMAGES = YES;
				EXECUTABLE_PREFIX = lib;
				EXECUTABLE_SUFFIX = .a;
				GCC_GENERATE_DEBUGGING_SYMBOLS = YES;
				GCC_INLINES_ARE_PRIVATE_EXTERN = NO;
				GCC_OPTIMIZATION_LEVEL = 2;
				GCC_PREPROCESSOR_DEFINITIONS = "'CMAKE_INTDIR=\"$(CONFIGURATION)$(EFFECTIVE_PLATFORM_NAME)\"'";
				GCC_SYMBOLS_PRIVATE_EXTERN = NO;
				INSTALL_PATH = "";
				LIBRARY_STYLE = STATIC;
				OTHER_CFLAGS = "       -DNDEBUG  ";
				OTHER_LIBTOOLFLAGS = " ";
				OTHER_REZFLAGS = "";
				PRODUCT_NAME = math;
				SECTORDER_FLAGS = "";
				SYMROOT = /Users/manhtran/Documents/fishout/mac_build/math;
				USE_HEADERMAP = NO;
				WARNING_CFLAGS = (
					"-Wmost",
					"-Wno-four-char-constants",
					"-Wno-unknown-pragmas",
					"$(inherited)",
				);
			};
			name = RelWithDebInfo;
		};
		4B1E2EAFC4E643CC806AFF9B /* Debug */ = {
			isa = XCBuildConfiguration;
			buildSettings = {
				COMBINE_HIDPI_IMAGES = YES;
				EXECUTABLE_PREFIX = lib;
				EXECUTABLE_SUFFIX = .a;
				GCC_GENERATE_DEBUGGING_SYMBOLS = YES;
				GCC_INLINES_ARE_PRIVATE_EXTERN = NO;
				GCC_OPTIMIZATION_LEVEL = 0;
				GCC_PREPROCESSOR_DEFINITIONS = "'CMAKE_INTDIR=\"$(CONFIGURATION)$(EFFECTIVE_PLATFORM_NAME)\"'";
				GCC_SYMBOLS_PRIVATE_EXTERN = NO;
				INSTALL_PATH = "";
				LIBRARY_STYLE = STATIC;
				OTHER_CFLAGS = "    ";
				OTHER_LIBTOOLFLAGS = " ";
				OTHER_REZFLAGS = "";
				PRODUCT_NAME = math;
				SECTORDER_FLAGS = "";
				SYMROOT = /Users/manhtran/Documents/fishout/mac_build/math;
				USE_HEADERMAP = NO;
				WARNING_CFLAGS = (
					"-Wmost",
					"-Wno-four-char-constants",
					"-Wno-unknown-pragmas",
					"$(inherited)",
				);
			};
			name = Debug;
		};
		6509539E6D81420796A31598 /* MinSizeRel */ = {
			isa = XCBuildConfiguration;
			buildSettings = {
				COMBINE_HIDPI_IMAGES = YES;
				EXECUTABLE_PREFIX = lib;
				EXECUTABLE_SUFFIX = .a;
				GCC_GENERATE_DEBUGGING_SYMBOLS = NO;
				GCC_INLINES_ARE_PRIVATE_EXTERN = NO;
				GCC_OPTIMIZATION_LEVEL = s;
				GCC_PREPROCESSOR_DEFINITIONS = "'CMAKE_INTDIR=\"$(CONFIGURATION)$(EFFECTIVE_PLATFORM_NAME)\"'";
				GCC_SYMBOLS_PRIVATE_EXTERN = NO;
				INSTALL_PATH = "";
				LIBRARY_STYLE = STATIC;
				OTHER_CFLAGS = "    -DNDEBUG  ";
				OTHER_LIBTOOLFLAGS = " ";
				OTHER_REZFLAGS = "";
				PRODUCT_NAME = math;
				SECTORDER_FLAGS = "";
				SYMROOT = /Users/manhtran/Documents/fishout/mac_build/math;
				USE_HEADERMAP = NO;
				WARNING_CFLAGS = (
					"-Wmost",
					"-Wno-four-char-constants",
					"-Wno-unknown-pragmas",
					"$(inherited)",
				);
			};
			name = MinSizeRel;
		};
		6ED33AF1C84444A5AFFD3B09 /* Release */ = {
			isa = XCBuildConfiguration;
			buildSettings = {
				COMBINE_HIDPI_IMAGES = YES;
				EXECUTABLE_PREFIX = lib;
				EXECUTABLE_SUFFIX = .a;
				GCC_GENERATE_DEBUGGING_SYMBOLS = NO;
				GCC_INLINES_ARE_PRIVATE_EXTERN = NO;
				GCC_OPTIMIZATION_LEVEL = 3;
				GCC_PREPROCESSOR_DEFINITIONS = "'CMAKE_INTDIR=\"$(CONFIGURATION)$(EFFECTIVE_PLATFORM_NAME)\"'";
				GCC_SYMBOLS_PRIVATE_EXTERN = NO;
				INSTALL_PATH = "";
				LIBRARY_STYLE = STATIC;
				OTHER_CFLAGS = "    -DNDEBUG  ";
				OTHER_LIBTOOLFLAGS = " ";
				OTHER_REZFLAGS = "";
				PRODUCT_NAME = data;
				SECTORDER_FLAGS = "";
				SYMROOT = /Users/manhtran/Documents/fishout/mac_build/data;
				USE_HEADERMAP = NO;
				WARNING_CFLAGS = (
					"-Wmost",
					"-Wno-four-char-constants",
					"-Wno-unknown-pragmas",
					"$(inherited)",
				);
			};
			name = Release;
		};
		6F0EF517F7254335B7CAB732 /* RelWithDebInfo */ = {
			isa = XCBuildConfiguration;
			buildSettings = {
				COMBINE_HIDPI_IMAGES = YES;
				EXECUTABLE_PREFIX = lib;
				EXECUTABLE_SUFFIX = .a;
				GCC_GENERATE_DEBUGGING_SYMBOLS = YES;
				GCC_INLINES_ARE_PRIVATE_EXTERN = NO;
				GCC_OPTIMIZATION_LEVEL = 2;
				GCC_PREPROCESSOR_DEFINITIONS = "'CMAKE_INTDIR=\"$(CONFIGURATION)$(EFFECTIVE_PLATFORM_NAME)\"'";
				GCC_SYMBOLS_PRIVATE_EXTERN = NO;
				INSTALL_PATH = "";
				LIBRARY_STYLE = STATIC;
				OTHER_CFLAGS = "       -DNDEBUG  ";
				OTHER_LIBTOOLFLAGS = " ";
				OTHER_REZFLAGS = "";
				PRODUCT_NAME = data;
				SECTORDER_FLAGS = "";
				SYMROOT = /Users/manhtran/Documents/fishout/mac_build/data;
				USE_HEADERMAP = NO;
				WARNING_CFLAGS = (
					"-Wmost",
					"-Wno-four-char-constants",
					"-Wno-unknown-pragmas",
					"$(inherited)",
				);
			};
			name = RelWithDebInfo;
		};
		75648B3AF10A430490C055CB /* Release */ = {
			isa = XCBuildConfiguration;
			buildSettings = {
				COMBINE_HIDPI_IMAGES = YES;
				GCC_GENERATE_DEBUGGING_SYMBOLS = YES;
				GCC_INLINES_ARE_PRIVATE_EXTERN = NO;
				GCC_OPTIMIZATION_LEVEL = 0;
				GCC_PREPROCESSOR_DEFINITIONS = "'CMAKE_INTDIR=\"$(CONFIGURATION)$(EFFECTIVE_PLATFORM_NAME)\"'";
				GCC_SYMBOLS_PRIVATE_EXTERN = NO;
				HEADER_SEARCH_PATHS = (
					/Users/manhtran/Documents/fishout/data,
					/Users/manhtran/Documents/fishout/game,
					/Users/manhtran/Documents/fishout/math,
					/Users/manhtran/Documents/fishout/platform,
					/Users/manhtran/Documents/fishout/utils,
				);
				INSTALL_PATH = "";
				OTHER_LDFLAGS = " ";
				OTHER_REZFLAGS = "";
				PRODUCT_NAME = ALL_BUILD;
				SECTORDER_FLAGS = "";
				SYMROOT = /Users/manhtran/Documents/fishout/mac_build;
				USE_HEADERMAP = NO;
				WARNING_CFLAGS = (
					"-Wmost",
					"-Wno-four-char-constants",
					"-Wno-unknown-pragmas",
					"$(inherited)",
				);
			};
			name = Release;
		};
		78573671FEFA43BA89077C1B /* RelWithDebInfo */ = {
			isa = XCBuildConfiguration;
			buildSettings = {
				COMBINE_HIDPI_IMAGES = YES;
				EXECUTABLE_PREFIX = "";
				EXECUTABLE_SUFFIX = "";
				GCC_GENERATE_DEBUGGING_SYMBOLS = YES;
				GCC_INLINES_ARE_PRIVATE_EXTERN = NO;
				GCC_OPTIMIZATION_LEVEL = 2;
				GCC_PREPROCESSOR_DEFINITIONS = "'CMAKE_INTDIR=\"$(CONFIGURATION)$(EFFECTIVE_PLATFORM_NAME)\"'";
				GCC_SYMBOLS_PRIVATE_EXTERN = NO;
				HEADER_SEARCH_PATHS = (
					/Users/manhtran/Documents/fishout/data,
					/Users/manhtran/Documents/fishout/game,
					/Users/manhtran/Documents/fishout/math,
					/Users/manhtran/Documents/fishout/platform,
					/Users/manhtran/Documents/fishout/utils,
				);
				INSTALL_PATH = "";
				LIBRARY_SEARCH_PATHS = /usr/local/lib;
				OTHER_CFLAGS = "       -DNDEBUG  ";
				OTHER_LDFLAGS = (
					"-Wl,-search_paths_first",
					"-Wl,-headerpad_max_install_names",
					/Users/manhtran/Documents/fishout/mac_build/game/RelWithDebInfo/libgame.a,
					/Users/manhtran/Documents/fishout/mac_build/math/RelWithDebInfo/libmath.a,
					/Users/manhtran/Documents/fishout/mac_build/data/RelWithDebInfo/libdata.a,
					/Users/manhtran/Documents/fishout/mac_build/utils/RelWithDebInfo/libutils.a,
					/Users/manhtran/Documents/fishout/mac_build/data/RelWithDebInfo/libdata.a,
					"-lm",
					"-lpthread",
					"-lSDL2",
					"-lSDL2_image",
					"-framework",
					OpenGL,
					"-framework",
					GLUT,
					"-framework",
					Cocoa,
				);
				OTHER_REZFLAGS = "";
				PRODUCT_NAME = fishout;
				SECTORDER_FLAGS = "";
				SYMROOT = /Users/manhtran/Documents/fishout/mac_build;
				USE_HEADERMAP = NO;
				WARNING_CFLAGS = (
					"-Wmost",
					"-Wno-four-char-constants",
					"-Wno-unknown-pragmas",
					"$(inherited)",
				);
			};
			name = RelWithDebInfo;
		};
		8A02BAA0619F425382DA39AF /* RelWithDebInfo */ = {
			isa = XCBuildConfiguration;
			buildSettings = {
				COMBINE_HIDPI_IMAGES = YES;
				GCC_GENERATE_DEBUGGING_SYMBOLS = YES;
				GCC_INLINES_ARE_PRIVATE_EXTERN = NO;
				GCC_OPTIMIZATION_LEVEL = 0;
				GCC_PREPROCESSOR_DEFINITIONS = "'CMAKE_INTDIR=\"$(CONFIGURATION)$(EFFECTIVE_PLATFORM_NAME)\"'";
				GCC_SYMBOLS_PRIVATE_EXTERN = NO;
				HEADER_SEARCH_PATHS = (
					/Users/manhtran/Documents/fishout/data,
					/Users/manhtran/Documents/fishout/game,
					/Users/manhtran/Documents/fishout/math,
					/Users/manhtran/Documents/fishout/platform,
					/Users/manhtran/Documents/fishout/utils,
				);
				INSTALL_PATH = "";
				OTHER_LDFLAGS = " ";
				OTHER_REZFLAGS = "";
				PRODUCT_NAME = ZERO_CHECK;
				SECTORDER_FLAGS = "";
				SYMROOT = /Users/manhtran/Documents/fishout/mac_build;
				USE_HEADERMAP = NO;
				WARNING_CFLAGS = (
					"-Wmost",
					"-Wno-four-char-constants",
					"-Wno-unknown-pragmas",
					"$(inherited)",
				);
			};
			name = RelWithDebInfo;
		};
		91F617A205744FCBB01E62BB /* Debug */ = {
			isa = XCBuildConfiguration;
			buildSettings = {
				COMBINE_HIDPI_IMAGES = YES;
				EXECUTABLE_PREFIX = lib;
				EXECUTABLE_SUFFIX = .a;
				GCC_GENERATE_DEBUGGING_SYMBOLS = YES;
				GCC_INLINES_ARE_PRIVATE_EXTERN = NO;
				GCC_OPTIMIZATION_LEVEL = 0;
				GCC_PREPROCESSOR_DEFINITIONS = "'CMAKE_INTDIR=\"$(CONFIGURATION)$(EFFECTIVE_PLATFORM_NAME)\"'";
				GCC_SYMBOLS_PRIVATE_EXTERN = NO;
				INSTALL_PATH = "";
				LIBRARY_STYLE = STATIC;
				OTHER_CFLAGS = "    ";
				OTHER_LIBTOOLFLAGS = " ";
				OTHER_REZFLAGS = "";
				PRODUCT_NAME = data;
				SECTORDER_FLAGS = "";
				SYMROOT = /Users/manhtran/Documents/fishout/mac_build/data;
				USE_HEADERMAP = NO;
				WARNING_CFLAGS = (
					"-Wmost",
					"-Wno-four-char-constants",
					"-Wno-unknown-pragmas",
					"$(inherited)",
				);
			};
			name = Debug;
		};
		9B8207F4AE744D0E9C9265A2 /* Debug */ = {
			isa = XCBuildConfiguration;
			buildSettings = {
				ONLY_ACTIVE_ARCH = YES;
				SDKROOT = /Applications/Xcode.app/Contents/Developer/Platforms/MacOSX.platform/Developer/SDKs/MacOSX10.12.sdk;
				SYMROOT = /Users/manhtran/Documents/fishout/mac_build/build;
			};
			name = Debug;
		};
		A3F24631DA7044FDA2C01FC5 /* RelWithDebInfo */ = {
			isa = XCBuildConfiguration;
			buildSettings = {
				ONLY_ACTIVE_ARCH = YES;
				SDKROOT = /Applications/Xcode.app/Contents/Developer/Platforms/MacOSX.platform/Developer/SDKs/MacOSX10.12.sdk;
				SYMROOT = /Users/manhtran/Documents/fishout/mac_build/build;
			};
			name = RelWithDebInfo;
		};
		A593261B99114947949599EC /* MinSizeRel */ = {
			isa = XCBuildConfiguration;
			buildSettings = {
				COMBINE_HIDPI_IMAGES = YES;
				EXECUTABLE_PREFIX = lib;
				EXECUTABLE_SUFFIX = .a;
				GCC_GENERATE_DEBUGGING_SYMBOLS = NO;
				GCC_INLINES_ARE_PRIVATE_EXTERN = NO;
				GCC_OPTIMIZATION_LEVEL = s;
				GCC_PREPROCESSOR_DEFINITIONS = "'CMAKE_INTDIR=\"$(CONFIGURATION)$(EFFECTIVE_PLATFORM_NAME)\"'";
				GCC_SYMBOLS_PRIVATE_EXTERN = NO;
				HEADER_SEARCH_PATHS = (
					/usr/local/include,
					/Users/manhtran/Documents/fishout/game/../math,
					/Users/manhtran/Documents/fishout/game/../data,
					/Users/manhtran/Documents/fishout/game/../utils,
					/Users/manhtran/Documents/fishout/game/../platform,
				);
				INSTALL_PATH = "";
				LIBRARY_STYLE = STATIC;
				OTHER_CFLAGS = "    -DNDEBUG  ";
				OTHER_LIBTOOLFLAGS = " ";
				OTHER_REZFLAGS = "";
				PRODUCT_NAME = game;
				SECTORDER_FLAGS = "";
				SYMROOT = /Users/manhtran/Documents/fishout/mac_build/game;
				USE_HEADERMAP = NO;
				WARNING_CFLAGS = (
					"-Wmost",
					"-Wno-four-char-constants",
					"-Wno-unknown-pragmas",
					"$(inherited)",
				);
			};
			name = MinSizeRel;
		};
		A5A691A91BDD44F4B6E8BE6A /* Release */ = {
			isa = XCBuildConfiguration;
			buildSettings = {
				ONLY_ACTIVE_ARCH = YES;
				SDKROOT = /Applications/Xcode.app/Contents/Developer/Platforms/MacOSX.platform/Developer/SDKs/MacOSX10.12.sdk;
				SYMROOT = /Users/manhtran/Documents/fishout/mac_build/build;
			};
			name = Release;
		};
		ADD20C362F6F4A3BB1ABD054 /* Debug */ = {
			isa = XCBuildConfiguration;
			buildSettings = {
				COMBINE_HIDPI_IMAGES = YES;
				EXECUTABLE_PREFIX = lib;
				EXECUTABLE_SUFFIX = .a;
				GCC_GENERATE_DEBUGGING_SYMBOLS = YES;
				GCC_INLINES_ARE_PRIVATE_EXTERN = NO;
				GCC_OPTIMIZATION_LEVEL = 0;
				GCC_PREPROCESSOR_DEFINITIONS = "'CMAKE_INTDIR=\"$(CONFIGURATION)$(EFFECTIVE_PLATFORM_NAME)\"'";
				GCC_SYMBOLS_PRIVATE_EXTERN = NO;
				HEADER_SEARCH_PATHS = (
					/usr/local/include,
					/Users/manhtran/Documents/fishout/game/../math,
					/Users/manhtran/Documents/fishout/game/../data,
					/Users/manhtran/Documents/fishout/game/../utils,
					/Users/manhtran/Documents/fishout/game/../platform,
				);
				INSTALL_PATH = "";
				LIBRARY_STYLE = STATIC;
				OTHER_CFLAGS = "    ";
				OTHER_LIBTOOLFLAGS = " ";
				OTHER_REZFLAGS = "";
				PRODUCT_NAME = game;
				SECTORDER_FLAGS = "";
				SYMROOT = /Users/manhtran/Documents/fishout/mac_build/game;
				USE_HEADERMAP = NO;
				WARNING_CFLAGS = (
					"-Wmost",
					"-Wno-four-char-constants",
					"-Wno-unknown-pragmas",
					"$(inherited)",
				);
			};
			name = Debug;
		};
		AEF47F67ECA14482ACEA2AE0 /* RelWithDebInfo */ = {
			isa = XCBuildConfiguration;
			buildSettings = {
				COMBINE_HIDPI_IMAGES = YES;
				GCC_GENERATE_DEBUGGING_SYMBOLS = YES;
				GCC_INLINES_ARE_PRIVATE_EXTERN = NO;
				GCC_OPTIMIZATION_LEVEL = 0;
				GCC_PREPROCESSOR_DEFINITIONS = "'CMAKE_INTDIR=\"$(CONFIGURATION)$(EFFECTIVE_PLATFORM_NAME)\"'";
				GCC_SYMBOLS_PRIVATE_EXTERN = NO;
				HEADER_SEARCH_PATHS = (
					/Users/manhtran/Documents/fishout/data,
					/Users/manhtran/Documents/fishout/game,
					/Users/manhtran/Documents/fishout/math,
					/Users/manhtran/Documents/fishout/platform,
					/Users/manhtran/Documents/fishout/utils,
				);
				INSTALL_PATH = "";
				OTHER_LDFLAGS = " ";
				OTHER_REZFLAGS = "";
				PRODUCT_NAME = ALL_BUILD;
				SECTORDER_FLAGS = "";
				SYMROOT = /Users/manhtran/Documents/fishout/mac_build;
				USE_HEADERMAP = NO;
				WARNING_CFLAGS = (
					"-Wmost",
					"-Wno-four-char-constants",
					"-Wno-unknown-pragmas",
					"$(inherited)",
				);
			};
			name = RelWithDebInfo;
		};
		AF1FFDBEB72143D68C4B4203 /* Release */ = {
			isa = XCBuildConfiguration;
			buildSettings = {
				COMBINE_HIDPI_IMAGES = YES;
				EXECUTABLE_PREFIX = lib;
				EXECUTABLE_SUFFIX = .a;
				GCC_GENERATE_DEBUGGING_SYMBOLS = NO;
				GCC_INLINES_ARE_PRIVATE_EXTERN = NO;
				GCC_OPTIMIZATION_LEVEL = 3;
				GCC_PREPROCESSOR_DEFINITIONS = "'CMAKE_INTDIR=\"$(CONFIGURATION)$(EFFECTIVE_PLATFORM_NAME)\"'";
				GCC_SYMBOLS_PRIVATE_EXTERN = NO;
				HEADER_SEARCH_PATHS = (
					/usr/local/include,
					/Users/manhtran/Documents/fishout/game/../math,
					/Users/manhtran/Documents/fishout/game/../data,
					/Users/manhtran/Documents/fishout/game/../utils,
					/Users/manhtran/Documents/fishout/game/../platform,
				);
				INSTALL_PATH = "";
				LIBRARY_STYLE = STATIC;
				OTHER_CFLAGS = "    -DNDEBUG  ";
				OTHER_LIBTOOLFLAGS = " ";
				OTHER_REZFLAGS = "";
				PRODUCT_NAME = game;
				SECTORDER_FLAGS = "";
				SYMROOT = /Users/manhtran/Documents/fishout/mac_build/game;
				USE_HEADERMAP = NO;
				WARNING_CFLAGS = (
					"-Wmost",
					"-Wno-four-char-constants",
					"-Wno-unknown-pragmas",
					"$(inherited)",
				);
			};
			name = Release;
		};
		B8AE11E8D8994170B130FAC6 /* Debug */ = {
			isa = XCBuildConfiguration;
			buildSettings = {
				COMBINE_HIDPI_IMAGES = YES;
				EXECUTABLE_PREFIX = "";
				EXECUTABLE_SUFFIX = "";
				GCC_GENERATE_DEBUGGING_SYMBOLS = YES;
				GCC_INLINES_ARE_PRIVATE_EXTERN = NO;
				GCC_OPTIMIZATION_LEVEL = 0;
				GCC_PREPROCESSOR_DEFINITIONS = "'CMAKE_INTDIR=\"$(CONFIGURATION)$(EFFECTIVE_PLATFORM_NAME)\"'";
				GCC_SYMBOLS_PRIVATE_EXTERN = NO;
				HEADER_SEARCH_PATHS = (
					/Users/manhtran/Documents/fishout/data,
					/Users/manhtran/Documents/fishout/game,
					/Users/manhtran/Documents/fishout/math,
					/Users/manhtran/Documents/fishout/platform,
					/Users/manhtran/Documents/fishout/utils,
				);
				INSTALL_PATH = "";
				LIBRARY_SEARCH_PATHS = /usr/local/lib;
				OTHER_CFLAGS = "    ";
				OTHER_LDFLAGS = (
					"-Wl,-search_paths_first",
					"-Wl,-headerpad_max_install_names",
					/Users/manhtran/Documents/fishout/mac_build/game/Debug/libgame.a,
					/Users/manhtran/Documents/fishout/mac_build/math/Debug/libmath.a,
					/Users/manhtran/Documents/fishout/mac_build/data/Debug/libdata.a,
					/Users/manhtran/Documents/fishout/mac_build/utils/Debug/libutils.a,
					/Users/manhtran/Documents/fishout/mac_build/data/Debug/libdata.a,
					"-lm",
					"-lpthread",
					"-lSDL2",
					"-lSDL2_image",
					"-framework",
					OpenGL,
					"-framework",
					GLUT,
					"-framework",
					Cocoa,
				);
				OTHER_REZFLAGS = "";
				PRODUCT_NAME = fishout;
				SECTORDER_FLAGS = "";
				SYMROOT = /Users/manhtran/Documents/fishout/mac_build;
				USE_HEADERMAP = NO;
				WARNING_CFLAGS = (
					"-Wmost",
					"-Wno-four-char-constants",
					"-Wno-unknown-pragmas",
					"$(inherited)",
				);
			};
			name = Debug;
		};
		BA925CEFAC1F45DFBA97B575 /* Debug */ = {
			isa = XCBuildConfiguration;
			buildSettings = {
				COMBINE_HIDPI_IMAGES = YES;
				GCC_GENERATE_DEBUGGING_SYMBOLS = YES;
				GCC_INLINES_ARE_PRIVATE_EXTERN = NO;
				GCC_OPTIMIZATION_LEVEL = 0;
				GCC_PREPROCESSOR_DEFINITIONS = "'CMAKE_INTDIR=\"$(CONFIGURATION)$(EFFECTIVE_PLATFORM_NAME)\"'";
				GCC_SYMBOLS_PRIVATE_EXTERN = NO;
				HEADER_SEARCH_PATHS = (
					/Users/manhtran/Documents/fishout/data,
					/Users/manhtran/Documents/fishout/game,
					/Users/manhtran/Documents/fishout/math,
					/Users/manhtran/Documents/fishout/platform,
					/Users/manhtran/Documents/fishout/utils,
				);
				INSTALL_PATH = "";
				OTHER_LDFLAGS = " ";
				OTHER_REZFLAGS = "";
				PRODUCT_NAME = ALL_BUILD;
				SECTORDER_FLAGS = "";
				SYMROOT = /Users/manhtran/Documents/fishout/mac_build;
				USE_HEADERMAP = NO;
				WARNING_CFLAGS = (
					"-Wmost",
					"-Wno-four-char-constants",
					"-Wno-unknown-pragmas",
					"$(inherited)",
				);
			};
			name = Debug;
		};
		C0DF2BC53D4C4DA3977BADAD /* MinSizeRel */ = {
			isa = XCBuildConfiguration;
			buildSettings = {
				ONLY_ACTIVE_ARCH = YES;
				SDKROOT = /Applications/Xcode.app/Contents/Developer/Platforms/MacOSX.platform/Developer/SDKs/MacOSX10.12.sdk;
				SYMROOT = /Users/manhtran/Documents/fishout/mac_build/build;
			};
			name = MinSizeRel;
		};
		D21598AE18994919826582DE /* MinSizeRel */ = {
			isa = XCBuildConfiguration;
			buildSettings = {
				COMBINE_HIDPI_IMAGES = YES;
				EXECUTABLE_PREFIX = lib;
				EXECUTABLE_SUFFIX = .a;
				GCC_GENERATE_DEBUGGING_SYMBOLS = NO;
				GCC_INLINES_ARE_PRIVATE_EXTERN = NO;
				GCC_OPTIMIZATION_LEVEL = s;
				GCC_PREPROCESSOR_DEFINITIONS = "'CMAKE_INTDIR=\"$(CONFIGURATION)$(EFFECTIVE_PLATFORM_NAME)\"'";
				GCC_SYMBOLS_PRIVATE_EXTERN = NO;
				HEADER_SEARCH_PATHS = (
					/Users/manhtran/Documents/fishout/utils/../platform,
					/Users/manhtran/Documents/fishout/utils/../data,
				);
				INSTALL_PATH = "";
				LIBRARY_STYLE = STATIC;
				OTHER_CFLAGS = "    -DNDEBUG  ";
				OTHER_LIBTOOLFLAGS = " ";
				OTHER_REZFLAGS = "";
				PRODUCT_NAME = utils;
				SECTORDER_FLAGS = "";
				SYMROOT = /Users/manhtran/Documents/fishout/mac_build/utils;
				USE_HEADERMAP = NO;
				WARNING_CFLAGS = (
					"-Wmost",
					"-Wno-four-char-constants",
					"-Wno-unknown-pragmas",
					"$(inherited)",
				);
			};
			name = MinSizeRel;
		};
		D7DB014999214C18B8BB0716 /* RelWithDebInfo */ = {
			isa = XCBuildConfiguration;
			buildSettings = {
				COMBINE_HIDPI_IMAGES = YES;
				EXECUTABLE_PREFIX = lib;
				EXECUTABLE_SUFFIX = .a;
				GCC_GENERATE_DEBUGGING_SYMBOLS = YES;
				GCC_INLINES_ARE_PRIVATE_EXTERN = NO;
				GCC_OPTIMIZATION_LEVEL = 2;
				GCC_PREPROCESSOR_DEFINITIONS = "'CMAKE_INTDIR=\"$(CONFIGURATION)$(EFFECTIVE_PLATFORM_NAME)\"'";
				GCC_SYMBOLS_PRIVATE_EXTERN = NO;
				HEADER_SEARCH_PATHS = (
					/usr/local/include,
					/Users/manhtran/Documents/fishout/game/../math,
					/Users/manhtran/Documents/fishout/game/../data,
					/Users/manhtran/Documents/fishout/game/../utils,
					/Users/manhtran/Documents/fishout/game/../platform,
				);
				INSTALL_PATH = "";
				LIBRARY_STYLE = STATIC;
				OTHER_CFLAGS = "       -DNDEBUG  ";
				OTHER_LIBTOOLFLAGS = " ";
				OTHER_REZFLAGS = "";
				PRODUCT_NAME = game;
				SECTORDER_FLAGS = "";
				SYMROOT = /Users/manhtran/Documents/fishout/mac_build/game;
				USE_HEADERMAP = NO;
				WARNING_CFLAGS = (
					"-Wmost",
					"-Wno-four-char-constants",
					"-Wno-unknown-pragmas",
					"$(inherited)",
				);
			};
			name = RelWithDebInfo;
		};
		E31F665A2FD94981B767EEBF /* Release */ = {
			isa = XCBuildConfiguration;
			buildSettings = {
				COMBINE_HIDPI_IMAGES = YES;
				EXECUTABLE_PREFIX = lib;
				EXECUTABLE_SUFFIX = .a;
				GCC_GENERATE_DEBUGGING_SYMBOLS = NO;
				GCC_INLINES_ARE_PRIVATE_EXTERN = NO;
				GCC_OPTIMIZATION_LEVEL = 3;
				GCC_PREPROCESSOR_DEFINITIONS = "'CMAKE_INTDIR=\"$(CONFIGURATION)$(EFFECTIVE_PLATFORM_NAME)\"'";
				GCC_SYMBOLS_PRIVATE_EXTERN = NO;
				HEADER_SEARCH_PATHS = (
					/Users/manhtran/Documents/fishout/utils/../platform,
					/Users/manhtran/Documents/fishout/utils/../data,
				);
				INSTALL_PATH = "";
				LIBRARY_STYLE = STATIC;
				OTHER_CFLAGS = "    -DNDEBUG  ";
				OTHER_LIBTOOLFLAGS = " ";
				OTHER_REZFLAGS = "";
				PRODUCT_NAME = utils;
				SECTORDER_FLAGS = "";
				SYMROOT = /Users/manhtran/Documents/fishout/mac_build/utils;
				USE_HEADERMAP = NO;
				WARNING_CFLAGS = (
					"-Wmost",
					"-Wno-four-char-constants",
					"-Wno-unknown-pragmas",
					"$(inherited)",
				);
			};
			name = Release;
		};
/* End XCBuildConfiguration section */

/* Begin XCConfigurationList section */
		04E1B271E8474B349AFE9BEC /* Build configuration list for PBXAggregateTarget "ZERO_CHECK" */ = {
			isa = XCConfigurationList;
			buildConfigurations = (
				29BCE3F399484D989051541D /* Debug */,
				16396ABBD02247C387C55355 /* Release */,
				09DD171395B5490697A04C47 /* MinSizeRel */,
				8A02BAA0619F425382DA39AF /* RelWithDebInfo */,
			);
			defaultConfigurationIsVisible = 0;
			defaultConfigurationName = Debug;
		};
		105484049DCA411CA53AA9B7 /* Build configuration list for PBXNativeTarget "utils" */ = {
			isa = XCConfigurationList;
			buildConfigurations = (
				25C43433B2594B819E127876 /* Debug */,
				E31F665A2FD94981B767EEBF /* Release */,
				D21598AE18994919826582DE /* MinSizeRel */,
				26D04E1B1C2649A4B51B4A40 /* RelWithDebInfo */,
			);
			defaultConfigurationIsVisible = 0;
			defaultConfigurationName = Debug;
		};
		60F1969E101340CD96F13585 /* Build configuration list for PBXProject "fishout" */ = {
			isa = XCConfigurationList;
			buildConfigurations = (
				9B8207F4AE744D0E9C9265A2 /* Debug */,
				A5A691A91BDD44F4B6E8BE6A /* Release */,
				C0DF2BC53D4C4DA3977BADAD /* MinSizeRel */,
				A3F24631DA7044FDA2C01FC5 /* RelWithDebInfo */,
			);
			defaultConfigurationIsVisible = 0;
			defaultConfigurationName = Debug;
		};
		C6506FB81CEF40C7B84D2378 /* Build configuration list for PBXNativeTarget "game" */ = {
			isa = XCConfigurationList;
			buildConfigurations = (
				ADD20C362F6F4A3BB1ABD054 /* Debug */,
				AF1FFDBEB72143D68C4B4203 /* Release */,
				A593261B99114947949599EC /* MinSizeRel */,
				D7DB014999214C18B8BB0716 /* RelWithDebInfo */,
			);
			defaultConfigurationIsVisible = 0;
			defaultConfigurationName = Debug;
		};
		CDF9CA316C134606A6333C7F /* Build configuration list for PBXNativeTarget "math" */ = {
			isa = XCConfigurationList;
			buildConfigurations = (
				4B1E2EAFC4E643CC806AFF9B /* Debug */,
				11B138E852794721B4A8FA18 /* Release */,
				6509539E6D81420796A31598 /* MinSizeRel */,
				49C5FE26F8BE47AE88D42404 /* RelWithDebInfo */,
			);
			defaultConfigurationIsVisible = 0;
			defaultConfigurationName = Debug;
		};
		DADFFFEA6A6D4BF2B191C1B6 /* Build configuration list for PBXNativeTarget "fishout" */ = {
			isa = XCConfigurationList;
			buildConfigurations = (
				B8AE11E8D8994170B130FAC6 /* Debug */,
				1D42C831D4EE48638D12292A /* Release */,
				08EB81351AE445D687BBA256 /* MinSizeRel */,
				78573671FEFA43BA89077C1B /* RelWithDebInfo */,
			);
			defaultConfigurationIsVisible = 0;
			defaultConfigurationName = Debug;
		};
		EBE8DDCF062C4E38A4A0659E /* Build configuration list for PBXAggregateTarget "ALL_BUILD" */ = {
			isa = XCConfigurationList;
			buildConfigurations = (
				BA925CEFAC1F45DFBA97B575 /* Debug */,
				75648B3AF10A430490C055CB /* Release */,
				4820E049DA524DFBB84E60AC /* MinSizeRel */,
				AEF47F67ECA14482ACEA2AE0 /* RelWithDebInfo */,
			);
			defaultConfigurationIsVisible = 0;
			defaultConfigurationName = Debug;
		};
		EF1ECD5F9BA74E27843A19CE /* Build configuration list for PBXNativeTarget "data" */ = {
			isa = XCConfigurationList;
			buildConfigurations = (
				91F617A205744FCBB01E62BB /* Debug */,
				6ED33AF1C84444A5AFFD3B09 /* Release */,
				38C71271B7E94CE2B85AC5E7 /* MinSizeRel */,
				6F0EF517F7254335B7CAB732 /* RelWithDebInfo */,
			);
			defaultConfigurationIsVisible = 0;
			defaultConfigurationName = Debug;
		};
/* End XCConfigurationList section */
	};
	rootObject = 019F9373DEBF4DE987A92AE1 /* Project object */;
}
